
Microsoft Visual Studio Solution File, Format Version 12.00
# Visual Studio Version 16
VisualStudioVersion = 16.0.31019.35
MinimumVisualStudioVersion = 10.0.40219.1
Project("{FAE04EC0-301F-11D3-BF4B-00C04F79EFBC}") = "AppMetrics", "AppMetrics\AppMetrics.csproj", "{D72A0E79-D0C2-4F1C-B824-F5BA0FB0E4E1}"
EndProject
Project("{2150E333-8FDC-42A3-9474-1A3956D46DE8}") = "01. Getting Started", "01. Getting Started", "{78753FC5-3CFB-4667-867B-CDC2BAE25271}"
EndProject
Project("{FAE04EC0-301F-11D3-BF4B-00C04F79EFBC}") = "Step_001_Helloworld", "Step_001_Helloworld\Step_001_Helloworld.csproj", "{8B50F9FB-3E28-463D-94E6-54E999E074D2}"
EndProject
Global
	GlobalSection(SolutionConfigurationPlatforms) = preSolution
		Debug|Any CPU = Debug|Any CPU
		Release|Any CPU = Release|Any CPU
	EndGlobalSection
	GlobalSection(ProjectConfigurationPlatforms) = postSolution
		{D72A0E79-D0C2-4F1C-B824-F5BA0FB0E4E1}.Debug|Any CPU.ActiveCfg = Debug|Any CPU
		{D72A0E79-D0C2-4F1C-B824-F5BA0FB0E4E1}.Debug|Any CPU.Build.0 = Debug|Any CPU
		{D72A0E79-D0C2-4F1C-B824-F5BA0FB0E4E1}.Release|Any CPU.ActiveCfg = Release|Any CPU
		{D72A0E79-D0C2-4F1C-B824-F5BA0FB0E4E1}.Release|Any CPU.Build.0 = Release|Any CPU
		{8B50F9FB-3E28-463D-94E6-54E999E074D2}.Debug|Any CPU.ActiveCfg = Debug|Any CPU
		{8B50F9FB-3E28-463D-94E6-54E999E074D2}.Debug|Any CPU.Build.0 = Debug|Any CPU
		{8B50F9FB-3E28-463D-94E6-54E999E074D2}.Release|Any CPU.ActiveCfg = Release|Any CPU
		{8B50F9FB-3E28-463D-94E6-54E999E074D2}.Release|Any CPU.Build.0 = Release|Any CPU
	EndGlobalSection
	GlobalSection(SolutionProperties) = preSolution
		HideSolutionNode = FALSE
	EndGlobalSection
	GlobalSection(NestedProjects) = preSolution
		{8B50F9FB-3E28-463D-94E6-54E999E074D2} = {78753FC5-3CFB-4667-867B-CDC2BAE25271}
	EndGlobalSection
	GlobalSection(ExtensibilityGlobals) = postSolution
		SolutionGuid = {B70DAD17-7CCC-46F8-9D16-DC46E194F47E}
	EndGlobalSection
EndGlobal
