
Microsoft Visual Studio Solution File, Format Version 12.00
# Visual Studio Version 16
VisualStudioVersion = 16.0.30503.244
MinimumVisualStudioVersion = 10.0.40219.1
Project("{9A19103F-16F7-4668-BE54-9A1E7A4F7556}") = "Ch03", "Ch03\Ch03.csproj", "{4528C312-192A-43BB-A53A-B9F3B3969096}"
EndProject
Project("{9A19103F-16F7-4668-BE54-9A1E7A4F7556}") = "Ch04", "Ch04\Ch04.csproj", "{D7C40413-7049-444A-B4D8-B1671D4FBF59}"
EndProject
Project("{9A19103F-16F7-4668-BE54-9A1E7A4F7556}") = "Ch05", "Ch05\Ch05.csproj", "{3E2BC1CF-5CF7-407B-8AB4-F323F7988E01}"
EndProject
Project("{FAE04EC0-301F-11D3-BF4B-00C04F79EFBC}") = "Ch06", "Ch06\Ch06.csproj", "{BFE6738E-6DF4-4DB4-BE70-D5FB10A2D6AD}"
EndProject
Global
	GlobalSection(SolutionConfigurationPlatforms) = preSolution
		Debug|Any CPU = Debug|Any CPU
		Release|Any CPU = Release|Any CPU
	EndGlobalSection
	GlobalSection(ProjectConfigurationPlatforms) = postSolution
		{4528C312-192A-43BB-A53A-B9F3B3969096}.Debug|Any CPU.ActiveCfg = Debug|Any CPU
		{4528C312-192A-43BB-A53A-B9F3B3969096}.Debug|Any CPU.Build.0 = Debug|Any CPU
		{4528C312-192A-43BB-A53A-B9F3B3969096}.Release|Any CPU.ActiveCfg = Release|Any CPU
		{4528C312-192A-43BB-A53A-B9F3B3969096}.Release|Any CPU.Build.0 = Release|Any CPU
		{D7C40413-7049-444A-B4D8-B1671D4FBF59}.Debug|Any CPU.ActiveCfg = Debug|Any CPU
		{D7C40413-7049-444A-B4D8-B1671D4FBF59}.Debug|Any CPU.Build.0 = Debug|Any CPU
		{D7C40413-7049-444A-B4D8-B1671D4FBF59}.Release|Any CPU.ActiveCfg = Release|Any CPU
		{D7C40413-7049-444A-B4D8-B1671D4FBF59}.Release|Any CPU.Build.0 = Release|Any CPU
		{3E2BC1CF-5CF7-407B-8AB4-F323F7988E01}.Debug|Any CPU.ActiveCfg = Debug|Any CPU
		{3E2BC1CF-5CF7-407B-8AB4-F323F7988E01}.Debug|Any CPU.Build.0 = Debug|Any CPU
		{3E2BC1CF-5CF7-407B-8AB4-F323F7988E01}.Release|Any CPU.ActiveCfg = Release|Any CPU
		{3E2BC1CF-5CF7-407B-8AB4-F323F7988E01}.Release|Any CPU.Build.0 = Release|Any CPU
		{BFE6738E-6DF4-4DB4-BE70-D5FB10A2D6AD}.Debug|Any CPU.ActiveCfg = Debug|Any CPU
		{BFE6738E-6DF4-4DB4-BE70-D5FB10A2D6AD}.Debug|Any CPU.Build.0 = Debug|Any CPU
		{BFE6738E-6DF4-4DB4-BE70-D5FB10A2D6AD}.Release|Any CPU.ActiveCfg = Release|Any CPU
		{BFE6738E-6DF4-4DB4-BE70-D5FB10A2D6AD}.Release|Any CPU.Build.0 = Release|Any CPU
	EndGlobalSection
	GlobalSection(SolutionProperties) = preSolution
		HideSolutionNode = FALSE
	EndGlobalSection
	GlobalSection(ExtensibilityGlobals) = postSolution
		SolutionGuid = {7C95EB91-4272-4790-8030-65F12157B047}
	EndGlobalSection
EndGlobal
