
Microsoft Visual Studio Solution File, Format Version 12.00
# Visual Studio Version 16
VisualStudioVersion = 16.0.29728.190
MinimumVisualStudioVersion = 10.0.40219.1
Project("{2150E333-8FDC-42A3-9474-1A3956D46DE8}") = "Ch01", "Ch01", "{9627128B-F93E-446C-A8B3-B66414FD20D9}"
EndProject
Project("{2150E333-8FDC-42A3-9474-1A3956D46DE8}") = "Step1", "Step1", "{D8D72729-0A1F-45CF-B429-336B0C2E8A5C}"
	ProjectSection(SolutionItems) = preProject
		Ch01\README.md = Ch01\README.md
	EndProjectSection
EndProject
Project("{9A19103F-16F7-4668-BE54-9A1E7A4F7556}") = "Introduction", "Ch01\Step1\Introduction\Introduction.csproj", "{40E08379-1849-4254-A3EB-75A45BC28CB3}"
EndProject
Project("{2150E333-8FDC-42A3-9474-1A3956D46DE8}") = "Solution Items", "Solution Items", "{B18EFF8C-D235-43E8-8B65-6A7E8CE4513C}"
	ProjectSection(SolutionItems) = preProject
		README.md = README.md
	EndProjectSection
EndProject
Project("{2150E333-8FDC-42A3-9474-1A3956D46DE8}") = "Ch02", "Ch02", "{C741EAF2-76F3-4735-8AB2-8E669B5751CF}"
	ProjectSection(SolutionItems) = preProject
		Ch02\README.md = Ch02\README.md
	EndProjectSection
EndProject
Project("{2150E333-8FDC-42A3-9474-1A3956D46DE8}") = "Step1", "Step1", "{DCFECF00-F1CC-4964-ACF4-CBD6A38C3955}"
EndProject
Project("{9A19103F-16F7-4668-BE54-9A1E7A4F7556}") = "SingleCaseUnionTypes", "Ch02\Step1\SingleCaseUnionTypes\SingleCaseUnionTypes.csproj", "{7E57CE29-245A-42F5-8453-ED0C64DED133}"
EndProject
Project("{F2A71F9B-5D33-465A-A702-920D77279786}") = "SingleCaseUnionTypesFS", "Ch02\Step1\SingleCaseUnionTypesFS\SingleCaseUnionTypesFS.fsproj", "{93F63953-829A-4619-804B-34B4F6D040C3}"
EndProject
Project("{F2A71F9B-5D33-465A-A702-920D77279786}") = "IntroductionFS", "Ch01\Step1\IntroductionFS\IntroductionFS.fsproj", "{25876C5B-262A-4839-9603-33F21A3B2C94}"
EndProject
Global
	GlobalSection(SolutionConfigurationPlatforms) = preSolution
		Debug|Any CPU = Debug|Any CPU
		Release|Any CPU = Release|Any CPU
	EndGlobalSection
	GlobalSection(ProjectConfigurationPlatforms) = postSolution
		{40E08379-1849-4254-A3EB-75A45BC28CB3}.Debug|Any CPU.ActiveCfg = Debug|Any CPU
		{40E08379-1849-4254-A3EB-75A45BC28CB3}.Debug|Any CPU.Build.0 = Debug|Any CPU
		{40E08379-1849-4254-A3EB-75A45BC28CB3}.Release|Any CPU.ActiveCfg = Release|Any CPU
		{40E08379-1849-4254-A3EB-75A45BC28CB3}.Release|Any CPU.Build.0 = Release|Any CPU
		{7E57CE29-245A-42F5-8453-ED0C64DED133}.Debug|Any CPU.ActiveCfg = Debug|Any CPU
		{7E57CE29-245A-42F5-8453-ED0C64DED133}.Debug|Any CPU.Build.0 = Debug|Any CPU
		{7E57CE29-245A-42F5-8453-ED0C64DED133}.Release|Any CPU.ActiveCfg = Release|Any CPU
		{7E57CE29-245A-42F5-8453-ED0C64DED133}.Release|Any CPU.Build.0 = Release|Any CPU
		{93F63953-829A-4619-804B-34B4F6D040C3}.Debug|Any CPU.ActiveCfg = Debug|Any CPU
		{93F63953-829A-4619-804B-34B4F6D040C3}.Debug|Any CPU.Build.0 = Debug|Any CPU
		{93F63953-829A-4619-804B-34B4F6D040C3}.Release|Any CPU.ActiveCfg = Release|Any CPU
		{93F63953-829A-4619-804B-34B4F6D040C3}.Release|Any CPU.Build.0 = Release|Any CPU
		{25876C5B-262A-4839-9603-33F21A3B2C94}.Debug|Any CPU.ActiveCfg = Debug|Any CPU
		{25876C5B-262A-4839-9603-33F21A3B2C94}.Debug|Any CPU.Build.0 = Debug|Any CPU
		{25876C5B-262A-4839-9603-33F21A3B2C94}.Release|Any CPU.ActiveCfg = Release|Any CPU
		{25876C5B-262A-4839-9603-33F21A3B2C94}.Release|Any CPU.Build.0 = Release|Any CPU
	EndGlobalSection
	GlobalSection(SolutionProperties) = preSolution
		HideSolutionNode = FALSE
	EndGlobalSection
	GlobalSection(NestedProjects) = preSolution
		{D8D72729-0A1F-45CF-B429-336B0C2E8A5C} = {9627128B-F93E-446C-A8B3-B66414FD20D9}
		{40E08379-1849-4254-A3EB-75A45BC28CB3} = {D8D72729-0A1F-45CF-B429-336B0C2E8A5C}
		{DCFECF00-F1CC-4964-ACF4-CBD6A38C3955} = {C741EAF2-76F3-4735-8AB2-8E669B5751CF}
		{7E57CE29-245A-42F5-8453-ED0C64DED133} = {DCFECF00-F1CC-4964-ACF4-CBD6A38C3955}
		{93F63953-829A-4619-804B-34B4F6D040C3} = {DCFECF00-F1CC-4964-ACF4-CBD6A38C3955}
		{25876C5B-262A-4839-9603-33F21A3B2C94} = {D8D72729-0A1F-45CF-B429-336B0C2E8A5C}
	EndGlobalSection
	GlobalSection(ExtensibilityGlobals) = postSolution
		SolutionGuid = {14629E11-985F-42AE-BBD6-D2EFF34A11A4}
	EndGlobalSection
EndGlobal
