
Microsoft Visual Studio Solution File, Format Version 12.00
# Visual Studio Version 16
VisualStudioVersion = 16.0.30413.136
MinimumVisualStudioVersion = 10.0.40219.1
Project("{FAE04EC0-301F-11D3-BF4B-00C04F79EFBC}") = "ConsoleUI", "ConsoleUI\ConsoleUI.csproj", "{8FC91A66-46D0-4D10-9872-22955F5BF75D}"
EndProject
Global
	GlobalSection(SolutionConfigurationPlatforms) = preSolution
		Debug|Any CPU = Debug|Any CPU
		Release|Any CPU = Release|Any CPU
	EndGlobalSection
	GlobalSection(ProjectConfigurationPlatforms) = postSolution
		{8FC91A66-46D0-4D10-9872-22955F5BF75D}.Debug|Any CPU.ActiveCfg = Debug|Any CPU
		{8FC91A66-46D0-4D10-9872-22955F5BF75D}.Debug|Any CPU.Build.0 = Debug|Any CPU
		{8FC91A66-46D0-4D10-9872-22955F5BF75D}.Release|Any CPU.ActiveCfg = Release|Any CPU
		{8FC91A66-46D0-4D10-9872-22955F5BF75D}.Release|Any CPU.Build.0 = Release|Any CPU
	EndGlobalSection
	GlobalSection(SolutionProperties) = preSolution
		HideSolutionNode = FALSE
	EndGlobalSection
	GlobalSection(ExtensibilityGlobals) = postSolution
		SolutionGuid = {3CA45157-7AEB-47D8-B65B-B26AB145448C}
	EndGlobalSection
EndGlobal
