
Microsoft Visual Studio Solution File, Format Version 12.00
# Visual Studio Version 16
VisualStudioVersion = 16.0.30413.136
MinimumVisualStudioVersion = 10.0.40219.1
Project("{2150E333-8FDC-42A3-9474-1A3956D46DE8}") = "Ch01", "Ch01", "{62B9452D-30DC-40EE-9DB3-5FAF906365CF}"
EndProject
Project("{2150E333-8FDC-42A3-9474-1A3956D46DE8}") = "Begin", "Begin", "{F9B02152-91B9-461D-8827-76AFD9198CFC}"
EndProject
Project("{2150E333-8FDC-42A3-9474-1A3956D46DE8}") = "End", "End", "{2511BFC6-C769-4C6D-A884-5B28CED57B5C}"
EndProject
Project("{9A19103F-16F7-4668-BE54-9A1E7A4F7556}") = "WebApp", "Ch01\Begin\WebApp\WebApp.csproj", "{4C22B829-6172-43D9-9526-F40B5B366E27}"
EndProject
Project("{9A19103F-16F7-4668-BE54-9A1E7A4F7556}") = "WebApp.UnitTests", "Ch01\Begin\WebApp.UnitTests\WebApp.UnitTests.csproj", "{E0F12CB7-416A-4212-B893-487F8484DD29}"
EndProject
Project("{2150E333-8FDC-42A3-9474-1A3956D46DE8}") = "Solution Items", "Solution Items", "{FA71B6F9-71DD-4865-920D-D80D9A363FCA}"
	ProjectSection(SolutionItems) = preProject
		README.md = README.md
	EndProjectSection
EndProject
Project("{9A19103F-16F7-4668-BE54-9A1E7A4F7556}") = "WebApp", "Ch01\End\WebApp\WebApp.csproj", "{296FD5C9-B693-4C93-94E1-1EEBB3F9C933}"
EndProject
Project("{9A19103F-16F7-4668-BE54-9A1E7A4F7556}") = "WebApp.UnitTests", "Ch01\End\WebApp.UnitTests\WebApp.UnitTests.csproj", "{72DEA03E-D6D2-44E4-B848-92D1295223E0}"
EndProject
Project("{2150E333-8FDC-42A3-9474-1A3956D46DE8}") = "Ch02", "Ch02", "{609D9A00-D4AC-4DEA-8ECA-655364E40CF6}"
EndProject
Project("{FAE04EC0-301F-11D3-BF4B-00C04F79EFBC}") = "LifecycleDI", "Ch02\LifecycleDI\LifecycleDI.csproj", "{687B011B-6528-49B8-9193-CC0A1440AFDD}"
EndProject
Project("{9A19103F-16F7-4668-BE54-9A1E7A4F7556}") = "WebApp", "Ch02\WebApp\WebApp.csproj", "{A1AA0B50-5643-4912-92CC-7FFB6885D7DB}"
EndProject
Project("{9A19103F-16F7-4668-BE54-9A1E7A4F7556}") = "WebApp.UnitTests", "Ch02\WebApp.UnitTests\WebApp.UnitTests.csproj", "{AAA75C93-07BD-425C-8A40-9003B10203D0}"
EndProject
Global
	GlobalSection(SolutionConfigurationPlatforms) = preSolution
		Debug|Any CPU = Debug|Any CPU
		Release|Any CPU = Release|Any CPU
	EndGlobalSection
	GlobalSection(ProjectConfigurationPlatforms) = postSolution
		{4C22B829-6172-43D9-9526-F40B5B366E27}.Debug|Any CPU.ActiveCfg = Debug|Any CPU
		{4C22B829-6172-43D9-9526-F40B5B366E27}.Debug|Any CPU.Build.0 = Debug|Any CPU
		{4C22B829-6172-43D9-9526-F40B5B366E27}.Release|Any CPU.ActiveCfg = Release|Any CPU
		{4C22B829-6172-43D9-9526-F40B5B366E27}.Release|Any CPU.Build.0 = Release|Any CPU
		{E0F12CB7-416A-4212-B893-487F8484DD29}.Debug|Any CPU.ActiveCfg = Debug|Any CPU
		{E0F12CB7-416A-4212-B893-487F8484DD29}.Debug|Any CPU.Build.0 = Debug|Any CPU
		{E0F12CB7-416A-4212-B893-487F8484DD29}.Release|Any CPU.ActiveCfg = Release|Any CPU
		{E0F12CB7-416A-4212-B893-487F8484DD29}.Release|Any CPU.Build.0 = Release|Any CPU
		{296FD5C9-B693-4C93-94E1-1EEBB3F9C933}.Debug|Any CPU.ActiveCfg = Debug|Any CPU
		{296FD5C9-B693-4C93-94E1-1EEBB3F9C933}.Debug|Any CPU.Build.0 = Debug|Any CPU
		{296FD5C9-B693-4C93-94E1-1EEBB3F9C933}.Release|Any CPU.ActiveCfg = Release|Any CPU
		{296FD5C9-B693-4C93-94E1-1EEBB3F9C933}.Release|Any CPU.Build.0 = Release|Any CPU
		{72DEA03E-D6D2-44E4-B848-92D1295223E0}.Debug|Any CPU.ActiveCfg = Debug|Any CPU
		{72DEA03E-D6D2-44E4-B848-92D1295223E0}.Debug|Any CPU.Build.0 = Debug|Any CPU
		{72DEA03E-D6D2-44E4-B848-92D1295223E0}.Release|Any CPU.ActiveCfg = Release|Any CPU
		{72DEA03E-D6D2-44E4-B848-92D1295223E0}.Release|Any CPU.Build.0 = Release|Any CPU
		{687B011B-6528-49B8-9193-CC0A1440AFDD}.Debug|Any CPU.ActiveCfg = Debug|Any CPU
		{687B011B-6528-49B8-9193-CC0A1440AFDD}.Debug|Any CPU.Build.0 = Debug|Any CPU
		{687B011B-6528-49B8-9193-CC0A1440AFDD}.Release|Any CPU.ActiveCfg = Release|Any CPU
		{687B011B-6528-49B8-9193-CC0A1440AFDD}.Release|Any CPU.Build.0 = Release|Any CPU
		{A1AA0B50-5643-4912-92CC-7FFB6885D7DB}.Debug|Any CPU.ActiveCfg = Debug|Any CPU
		{A1AA0B50-5643-4912-92CC-7FFB6885D7DB}.Debug|Any CPU.Build.0 = Debug|Any CPU
		{A1AA0B50-5643-4912-92CC-7FFB6885D7DB}.Release|Any CPU.ActiveCfg = Release|Any CPU
		{A1AA0B50-5643-4912-92CC-7FFB6885D7DB}.Release|Any CPU.Build.0 = Release|Any CPU
		{AAA75C93-07BD-425C-8A40-9003B10203D0}.Debug|Any CPU.ActiveCfg = Debug|Any CPU
		{AAA75C93-07BD-425C-8A40-9003B10203D0}.Debug|Any CPU.Build.0 = Debug|Any CPU
		{AAA75C93-07BD-425C-8A40-9003B10203D0}.Release|Any CPU.ActiveCfg = Release|Any CPU
		{AAA75C93-07BD-425C-8A40-9003B10203D0}.Release|Any CPU.Build.0 = Release|Any CPU
	EndGlobalSection
	GlobalSection(SolutionProperties) = preSolution
		HideSolutionNode = FALSE
	EndGlobalSection
	GlobalSection(NestedProjects) = preSolution
		{F9B02152-91B9-461D-8827-76AFD9198CFC} = {62B9452D-30DC-40EE-9DB3-5FAF906365CF}
		{2511BFC6-C769-4C6D-A884-5B28CED57B5C} = {62B9452D-30DC-40EE-9DB3-5FAF906365CF}
		{4C22B829-6172-43D9-9526-F40B5B366E27} = {F9B02152-91B9-461D-8827-76AFD9198CFC}
		{E0F12CB7-416A-4212-B893-487F8484DD29} = {F9B02152-91B9-461D-8827-76AFD9198CFC}
		{296FD5C9-B693-4C93-94E1-1EEBB3F9C933} = {2511BFC6-C769-4C6D-A884-5B28CED57B5C}
		{72DEA03E-D6D2-44E4-B848-92D1295223E0} = {2511BFC6-C769-4C6D-A884-5B28CED57B5C}
		{687B011B-6528-49B8-9193-CC0A1440AFDD} = {609D9A00-D4AC-4DEA-8ECA-655364E40CF6}
		{A1AA0B50-5643-4912-92CC-7FFB6885D7DB} = {609D9A00-D4AC-4DEA-8ECA-655364E40CF6}
		{AAA75C93-07BD-425C-8A40-9003B10203D0} = {609D9A00-D4AC-4DEA-8ECA-655364E40CF6}
	EndGlobalSection
	GlobalSection(ExtensibilityGlobals) = postSolution
		SolutionGuid = {4412FBA7-92D4-4384-B5EC-56C7FE9703EF}
	EndGlobalSection
EndGlobal
