
Microsoft Visual Studio Solution File, Format Version 12.00
# Visual Studio Version 16
VisualStudioVersion = 16.0.30907.101
MinimumVisualStudioVersion = 10.0.40219.1
Project("{9A19103F-16F7-4668-BE54-9A1E7A4F7556}") = "Step_002_Console", "Step_002_Console\Step_002_Console.csproj", "{43C90873-3CC5-4F7A-B475-462996279E09}"
EndProject
Project("{9A19103F-16F7-4668-BE54-9A1E7A4F7556}") = "Step_001_CreateLogger", "Step_001_CreateLogger\Step_001_CreateLogger.csproj", "{99E63388-1F71-46F4-B4EC-489EF9FA7D9E}"
EndProject
Project("{9A19103F-16F7-4668-BE54-9A1E7A4F7556}") = "Step_003_StaticLogger", "Step_003_StaticLogger\Step_003_StaticLogger.csproj", "{4638A332-CBE9-4B55-9B97-67655F0C443D}"
EndProject
Project("{9A19103F-16F7-4668-BE54-9A1E7A4F7556}") = "Step_004_File", "Step_004_File\Step_004_File.csproj", "{57826AF9-151F-4153-B45E-5E055A14A009}"
EndProject
Project("{9A19103F-16F7-4668-BE54-9A1E7A4F7556}") = "Step_005_OutputTemplate", "Step_005_OutputTemplate\Step_005_OutputTemplate.csproj", "{4ECEE77F-ED68-4459-A2E7-EAF2388EC1C0}"
EndProject
Project("{9A19103F-16F7-4668-BE54-9A1E7A4F7556}") = "Step_008_RollingInterval", "Step_008_RollingInterval\Step_008_RollingInterval.csproj", "{ECD72576-41AF-4AEC-8624-50AC5DBAE09C}"
EndProject
Project("{9A19103F-16F7-4668-BE54-9A1E7A4F7556}") = "Step_009_RetainedFileCountLimit", "Step_009_RetainedFileCountLimit\Step_009_RetainedFileCountLimit.csproj", "{207BDB8E-5035-476F-8BE2-B4710512EB8F}"
EndProject
Project("{9A19103F-16F7-4668-BE54-9A1E7A4F7556}") = "Step_007_FileSizeLimitBytes", "Step_007_FileSizeLimitBytes\Step_007_FileSizeLimitBytes.csproj", "{04B0E76A-5D2A-4B17-BDD8-5B2CBDFED82C}"
EndProject
Project("{2150E333-8FDC-42A3-9474-1A3956D46DE8}") = "Solution Items", "Solution Items", "{42DCEB68-BD17-48EB-AD7A-4D62FDA4AF52}"
	ProjectSection(SolutionItems) = preProject
		README.md = README.md
		README_Settings.md = README_Settings.md
	EndProjectSection
EndProject
Project("{9A19103F-16F7-4668-BE54-9A1E7A4F7556}") = "Step_010_Scalar", "Step_010_Scalar\Step_010_Scalar.csproj", "{B34A4A49-D761-4A59-A3B9-D7971E730316}"
EndProject
Project("{9A19103F-16F7-4668-BE54-9A1E7A4F7556}") = "Step_011_CollectionAndObject", "Step_011_CollectionAndObject\Step_011_CollectionAndObject.csproj", "{9FB93E1D-6DB6-458E-A178-8510D3A15D4F}"
EndProject
Project("{9A19103F-16F7-4668-BE54-9A1E7A4F7556}") = "Step_012_DestructureOperator", "Step_012_DestructureOperator\Step_012_DestructureOperator.csproj", "{2C863F81-3029-4A6D-A977-9D9088B1D881}"
EndProject
Project("{9A19103F-16F7-4668-BE54-9A1E7A4F7556}") = "Step_013_DestructureByTransforming", "Step_013_DestructureByTransforming\Step_013_DestructureByTransforming.csproj", "{4689A247-63E7-4E2C-B378-82B76464168F}"
EndProject
Project("{2150E333-8FDC-42A3-9474-1A3956D46DE8}") = "03. Structural", "03. Structural", "{A27C05D0-F96D-4D84-9452-1E281824D60E}"
EndProject
Project("{2150E333-8FDC-42A3-9474-1A3956D46DE8}") = "02. Limit", "02. Limit", "{6443B798-4061-4285-B4D4-93F402C951B9}"
EndProject
Project("{2150E333-8FDC-42A3-9474-1A3956D46DE8}") = "01. Getting Started", "01. Getting Started", "{A25808FA-83E0-4AAC-8349-C9CB3000C9D5}"
EndProject
Project("{9A19103F-16F7-4668-BE54-9A1E7A4F7556}") = "Step_015_Json", "Step_015_Json\Step_015_Json.csproj", "{E4CDB38B-681E-46FE-8FC3-0E0DDF489875}"
EndProject
Project("{9A19103F-16F7-4668-BE54-9A1E7A4F7556}") = "Step_024_MinimumLevelRestricted", "Step_024_MinimumLevelRestricted\Step_024_MinimumLevelRestricted.csproj", "{DFD0ADDF-F671-449B-8473-DC27B4B51FD0}"
EndProject
Project("{9A19103F-16F7-4668-BE54-9A1E7A4F7556}") = "Step_023_MinimumLevel", "Step_023_MinimumLevel\Step_023_MinimumLevel.csproj", "{2AD68E90-EF97-45D9-8EA3-6BF70F9E4AA6}"
EndProject
Project("{2150E333-8FDC-42A3-9474-1A3956D46DE8}") = "07. MinimumLevel", "07. MinimumLevel", "{D5C1993F-5EB9-429E-A6B1-EB477F1FAF47}"
EndProject
Project("{9A19103F-16F7-4668-BE54-9A1E7A4F7556}") = "Step_021_SourceContext", "Step_021_SourceContext\Step_021_SourceContext.csproj", "{6C1F1238-24E8-45B0-AFC1-A60F1A6C3948}"
EndProject
Project("{9A19103F-16F7-4668-BE54-9A1E7A4F7556}") = "Step_029_MatchingFilter", "Step_029_MatchingFilter\Step_029_MatchingFilter.csproj", "{927596CE-E720-46E1-A14C-8697FA903F66}"
EndProject
Project("{2150E333-8FDC-42A3-9474-1A3956D46DE8}") = "06. Context", "06. Context", "{2BD50DDA-B78B-424D-ADBA-1B12CC4095EB}"
EndProject
Project("{9A19103F-16F7-4668-BE54-9A1E7A4F7556}") = "Step_030_PropertiesFilter", "Step_030_PropertiesFilter\Step_030_PropertiesFilter.csproj", "{EBFEF4F1-1DCD-4D40-BE3E-153F153A31B5}"
EndProject
Project("{9A19103F-16F7-4668-BE54-9A1E7A4F7556}") = "Step_031_ByIncludingOnly", "Step_031_ByIncludingOnly\Step_031_ByIncludingOnly.csproj", "{D7C877F9-B007-4C90-9B2D-537E29A37EB5}"
EndProject
Project("{2150E333-8FDC-42A3-9474-1A3956D46DE8}") = "08. Filter", "08. Filter", "{0CC85E57-6523-41EB-89CB-9D844322836A}"
EndProject
Project("{9A19103F-16F7-4668-BE54-9A1E7A4F7556}") = "Step_022_PropertyContext", "Step_022_PropertyContext\Step_022_PropertyContext.csproj", "{1DBE4123-FD9F-4983-B2EA-0643B2E6ED02}"
EndProject
Project("{2150E333-8FDC-42A3-9474-1A3956D46DE8}") = "09. Enrich", "09. Enrich", "{F3B83B5A-A452-4DB2-8516-E98C73F48B1B}"
EndProject
Project("{9A19103F-16F7-4668-BE54-9A1E7A4F7556}") = "Step_032_WithProperty", "Step_032_WithProperty\Step_032_WithProperty.csproj", "{854CA415-D531-4782-BAA6-97EDBEBC8A4A}"
EndProject
Project("{9A19103F-16F7-4668-BE54-9A1E7A4F7556}") = "Step_033_CustomProperty", "Step_033_CustomProperty\Step_033_CustomProperty.csproj", "{67B4E4D6-109D-4E82-AA47-ED9B9AB6F6C3}"
EndProject
Project("{9A19103F-16F7-4668-BE54-9A1E7A4F7556}") = "Step_006_SelfLog", "Step_006_SelfLog\Step_006_SelfLog.csproj", "{91721A35-F922-4AA3-B5EB-65A90B91E514}"
EndProject
Project("{2150E333-8FDC-42A3-9474-1A3956D46DE8}") = "05. Configuration", "05. Configuration", "{ACA26A06-5797-4365-829C-18AEBED1EED9}"
EndProject
Project("{9A19103F-16F7-4668-BE54-9A1E7A4F7556}") = "Step_019_JsonConfiguration", "Step_019_JsonConfiguration\Step_019_JsonConfiguration.csproj", "{3C2A71AC-2C15-4A90-9602-AFF738B1ED14}"
EndProject
Project("{9A19103F-16F7-4668-BE54-9A1E7A4F7556}") = "Step_020_XmlConfiguration", "Step_020_XmlConfiguration\Step_020_XmlConfiguration.csproj", "{5568826A-695C-4A74-906B-59C371FAE9C0}"
EndProject
Project("{9A19103F-16F7-4668-BE54-9A1E7A4F7556}") = "Step_026_MinimumLevelSourceContext", "Step_026_MinimumLevelSourceContext\Step_026_MinimumLevelSourceContext.csproj", "{4BF62522-99E7-44F8-9F6E-35469802DC04}"
EndProject
Project("{9A19103F-16F7-4668-BE54-9A1E7A4F7556}") = "Step_028_MinimumLevelControlledBy", "Step_028_MinimumLevelControlledBy\Step_028_MinimumLevelControlledBy.csproj", "{7E517148-0447-4624-93F8-DEB0FA989FB0}"
EndProject
Project("{2150E333-8FDC-42A3-9474-1A3956D46DE8}") = "04. Format", "04. Format", "{EC847B06-B32B-45A8-93D7-73ABAFAF9B54}"
EndProject
Project("{9A19103F-16F7-4668-BE54-9A1E7A4F7556}") = "Step_016_CompactJson", "Step_016_CompactJson\Step_016_CompactJson.csproj", "{626B472D-83C5-440C-8AF9-AEF9A85D38F7}"
EndProject
Project("{9A19103F-16F7-4668-BE54-9A1E7A4F7556}") = "Step_025_MinimumLevelOverride", "Step_025_MinimumLevelOverride\Step_025_MinimumLevelOverride.csproj", "{9FCE7DA5-04FA-47FE-9C66-CF0DE97099F7}"
EndProject
Project("{9A19103F-16F7-4668-BE54-9A1E7A4F7556}") = "Step_017_ElasticsearchJson", "Step_017_ElasticsearchJson\Step_017_ElasticsearchJson.csproj", "{A57E0592-7FB0-498B-B84E-C8ACACA98766}"
EndProject
Project("{9A19103F-16F7-4668-BE54-9A1E7A4F7556}") = "Step_018_ElasticCommonSchemaJson", "Step_018_ElasticCommonSchemaJson\Step_018_ElasticCommonSchemaJson.csproj", "{33CF3B4B-BEFF-4EDA-8637-91A3DFA290DD}"
EndProject
Project("{9A19103F-16F7-4668-BE54-9A1E7A4F7556}") = "Step_014_DestructureToMaximum", "Step_014_DestructureToMaximum\Step_014_DestructureToMaximum.csproj", "{B99F29AD-2C5E-442A-86B6-6B8EAC2E6B86}"
EndProject
Global
	GlobalSection(SolutionConfigurationPlatforms) = preSolution
		Debug|Any CPU = Debug|Any CPU
		Release|Any CPU = Release|Any CPU
	EndGlobalSection
	GlobalSection(ProjectConfigurationPlatforms) = postSolution
		{43C90873-3CC5-4F7A-B475-462996279E09}.Debug|Any CPU.ActiveCfg = Debug|Any CPU
		{43C90873-3CC5-4F7A-B475-462996279E09}.Debug|Any CPU.Build.0 = Debug|Any CPU
		{43C90873-3CC5-4F7A-B475-462996279E09}.Release|Any CPU.ActiveCfg = Release|Any CPU
		{43C90873-3CC5-4F7A-B475-462996279E09}.Release|Any CPU.Build.0 = Release|Any CPU
		{99E63388-1F71-46F4-B4EC-489EF9FA7D9E}.Debug|Any CPU.ActiveCfg = Debug|Any CPU
		{99E63388-1F71-46F4-B4EC-489EF9FA7D9E}.Debug|Any CPU.Build.0 = Debug|Any CPU
		{99E63388-1F71-46F4-B4EC-489EF9FA7D9E}.Release|Any CPU.ActiveCfg = Release|Any CPU
		{99E63388-1F71-46F4-B4EC-489EF9FA7D9E}.Release|Any CPU.Build.0 = Release|Any CPU
		{4638A332-CBE9-4B55-9B97-67655F0C443D}.Debug|Any CPU.ActiveCfg = Debug|Any CPU
		{4638A332-CBE9-4B55-9B97-67655F0C443D}.Debug|Any CPU.Build.0 = Debug|Any CPU
		{4638A332-CBE9-4B55-9B97-67655F0C443D}.Release|Any CPU.ActiveCfg = Release|Any CPU
		{4638A332-CBE9-4B55-9B97-67655F0C443D}.Release|Any CPU.Build.0 = Release|Any CPU
		{57826AF9-151F-4153-B45E-5E055A14A009}.Debug|Any CPU.ActiveCfg = Debug|Any CPU
		{57826AF9-151F-4153-B45E-5E055A14A009}.Debug|Any CPU.Build.0 = Debug|Any CPU
		{57826AF9-151F-4153-B45E-5E055A14A009}.Release|Any CPU.ActiveCfg = Release|Any CPU
		{57826AF9-151F-4153-B45E-5E055A14A009}.Release|Any CPU.Build.0 = Release|Any CPU
		{4ECEE77F-ED68-4459-A2E7-EAF2388EC1C0}.Debug|Any CPU.ActiveCfg = Debug|Any CPU
		{4ECEE77F-ED68-4459-A2E7-EAF2388EC1C0}.Debug|Any CPU.Build.0 = Debug|Any CPU
		{4ECEE77F-ED68-4459-A2E7-EAF2388EC1C0}.Release|Any CPU.ActiveCfg = Release|Any CPU
		{4ECEE77F-ED68-4459-A2E7-EAF2388EC1C0}.Release|Any CPU.Build.0 = Release|Any CPU
		{ECD72576-41AF-4AEC-8624-50AC5DBAE09C}.Debug|Any CPU.ActiveCfg = Debug|Any CPU
		{ECD72576-41AF-4AEC-8624-50AC5DBAE09C}.Debug|Any CPU.Build.0 = Debug|Any CPU
		{ECD72576-41AF-4AEC-8624-50AC5DBAE09C}.Release|Any CPU.ActiveCfg = Release|Any CPU
		{ECD72576-41AF-4AEC-8624-50AC5DBAE09C}.Release|Any CPU.Build.0 = Release|Any CPU
		{207BDB8E-5035-476F-8BE2-B4710512EB8F}.Debug|Any CPU.ActiveCfg = Debug|Any CPU
		{207BDB8E-5035-476F-8BE2-B4710512EB8F}.Debug|Any CPU.Build.0 = Debug|Any CPU
		{207BDB8E-5035-476F-8BE2-B4710512EB8F}.Release|Any CPU.ActiveCfg = Release|Any CPU
		{207BDB8E-5035-476F-8BE2-B4710512EB8F}.Release|Any CPU.Build.0 = Release|Any CPU
		{04B0E76A-5D2A-4B17-BDD8-5B2CBDFED82C}.Debug|Any CPU.ActiveCfg = Debug|Any CPU
		{04B0E76A-5D2A-4B17-BDD8-5B2CBDFED82C}.Debug|Any CPU.Build.0 = Debug|Any CPU
		{04B0E76A-5D2A-4B17-BDD8-5B2CBDFED82C}.Release|Any CPU.ActiveCfg = Release|Any CPU
		{04B0E76A-5D2A-4B17-BDD8-5B2CBDFED82C}.Release|Any CPU.Build.0 = Release|Any CPU
		{B34A4A49-D761-4A59-A3B9-D7971E730316}.Debug|Any CPU.ActiveCfg = Debug|Any CPU
		{B34A4A49-D761-4A59-A3B9-D7971E730316}.Debug|Any CPU.Build.0 = Debug|Any CPU
		{B34A4A49-D761-4A59-A3B9-D7971E730316}.Release|Any CPU.ActiveCfg = Release|Any CPU
		{B34A4A49-D761-4A59-A3B9-D7971E730316}.Release|Any CPU.Build.0 = Release|Any CPU
		{9FB93E1D-6DB6-458E-A178-8510D3A15D4F}.Debug|Any CPU.ActiveCfg = Debug|Any CPU
		{9FB93E1D-6DB6-458E-A178-8510D3A15D4F}.Debug|Any CPU.Build.0 = Debug|Any CPU
		{9FB93E1D-6DB6-458E-A178-8510D3A15D4F}.Release|Any CPU.ActiveCfg = Release|Any CPU
		{9FB93E1D-6DB6-458E-A178-8510D3A15D4F}.Release|Any CPU.Build.0 = Release|Any CPU
		{2C863F81-3029-4A6D-A977-9D9088B1D881}.Debug|Any CPU.ActiveCfg = Debug|Any CPU
		{2C863F81-3029-4A6D-A977-9D9088B1D881}.Debug|Any CPU.Build.0 = Debug|Any CPU
		{2C863F81-3029-4A6D-A977-9D9088B1D881}.Release|Any CPU.ActiveCfg = Release|Any CPU
		{2C863F81-3029-4A6D-A977-9D9088B1D881}.Release|Any CPU.Build.0 = Release|Any CPU
		{4689A247-63E7-4E2C-B378-82B76464168F}.Debug|Any CPU.ActiveCfg = Debug|Any CPU
		{4689A247-63E7-4E2C-B378-82B76464168F}.Debug|Any CPU.Build.0 = Debug|Any CPU
		{4689A247-63E7-4E2C-B378-82B76464168F}.Release|Any CPU.ActiveCfg = Release|Any CPU
		{4689A247-63E7-4E2C-B378-82B76464168F}.Release|Any CPU.Build.0 = Release|Any CPU
		{E4CDB38B-681E-46FE-8FC3-0E0DDF489875}.Debug|Any CPU.ActiveCfg = Debug|Any CPU
		{E4CDB38B-681E-46FE-8FC3-0E0DDF489875}.Debug|Any CPU.Build.0 = Debug|Any CPU
		{E4CDB38B-681E-46FE-8FC3-0E0DDF489875}.Release|Any CPU.ActiveCfg = Release|Any CPU
		{E4CDB38B-681E-46FE-8FC3-0E0DDF489875}.Release|Any CPU.Build.0 = Release|Any CPU
		{DFD0ADDF-F671-449B-8473-DC27B4B51FD0}.Debug|Any CPU.ActiveCfg = Debug|Any CPU
		{DFD0ADDF-F671-449B-8473-DC27B4B51FD0}.Debug|Any CPU.Build.0 = Debug|Any CPU
		{DFD0ADDF-F671-449B-8473-DC27B4B51FD0}.Release|Any CPU.ActiveCfg = Release|Any CPU
		{DFD0ADDF-F671-449B-8473-DC27B4B51FD0}.Release|Any CPU.Build.0 = Release|Any CPU
		{2AD68E90-EF97-45D9-8EA3-6BF70F9E4AA6}.Debug|Any CPU.ActiveCfg = Debug|Any CPU
		{2AD68E90-EF97-45D9-8EA3-6BF70F9E4AA6}.Debug|Any CPU.Build.0 = Debug|Any CPU
		{2AD68E90-EF97-45D9-8EA3-6BF70F9E4AA6}.Release|Any CPU.ActiveCfg = Release|Any CPU
		{2AD68E90-EF97-45D9-8EA3-6BF70F9E4AA6}.Release|Any CPU.Build.0 = Release|Any CPU
		{6C1F1238-24E8-45B0-AFC1-A60F1A6C3948}.Debug|Any CPU.ActiveCfg = Debug|Any CPU
		{6C1F1238-24E8-45B0-AFC1-A60F1A6C3948}.Debug|Any CPU.Build.0 = Debug|Any CPU
		{6C1F1238-24E8-45B0-AFC1-A60F1A6C3948}.Release|Any CPU.ActiveCfg = Release|Any CPU
		{6C1F1238-24E8-45B0-AFC1-A60F1A6C3948}.Release|Any CPU.Build.0 = Release|Any CPU
		{927596CE-E720-46E1-A14C-8697FA903F66}.Debug|Any CPU.ActiveCfg = Debug|Any CPU
		{927596CE-E720-46E1-A14C-8697FA903F66}.Debug|Any CPU.Build.0 = Debug|Any CPU
		{927596CE-E720-46E1-A14C-8697FA903F66}.Release|Any CPU.ActiveCfg = Release|Any CPU
		{927596CE-E720-46E1-A14C-8697FA903F66}.Release|Any CPU.Build.0 = Release|Any CPU
		{EBFEF4F1-1DCD-4D40-BE3E-153F153A31B5}.Debug|Any CPU.ActiveCfg = Debug|Any CPU
		{EBFEF4F1-1DCD-4D40-BE3E-153F153A31B5}.Debug|Any CPU.Build.0 = Debug|Any CPU
		{EBFEF4F1-1DCD-4D40-BE3E-153F153A31B5}.Release|Any CPU.ActiveCfg = Release|Any CPU
		{EBFEF4F1-1DCD-4D40-BE3E-153F153A31B5}.Release|Any CPU.Build.0 = Release|Any CPU
		{D7C877F9-B007-4C90-9B2D-537E29A37EB5}.Debug|Any CPU.ActiveCfg = Debug|Any CPU
		{D7C877F9-B007-4C90-9B2D-537E29A37EB5}.Debug|Any CPU.Build.0 = Debug|Any CPU
		{D7C877F9-B007-4C90-9B2D-537E29A37EB5}.Release|Any CPU.ActiveCfg = Release|Any CPU
		{D7C877F9-B007-4C90-9B2D-537E29A37EB5}.Release|Any CPU.Build.0 = Release|Any CPU
		{1DBE4123-FD9F-4983-B2EA-0643B2E6ED02}.Debug|Any CPU.ActiveCfg = Debug|Any CPU
		{1DBE4123-FD9F-4983-B2EA-0643B2E6ED02}.Debug|Any CPU.Build.0 = Debug|Any CPU
		{1DBE4123-FD9F-4983-B2EA-0643B2E6ED02}.Release|Any CPU.ActiveCfg = Release|Any CPU
		{1DBE4123-FD9F-4983-B2EA-0643B2E6ED02}.Release|Any CPU.Build.0 = Release|Any CPU
		{854CA415-D531-4782-BAA6-97EDBEBC8A4A}.Debug|Any CPU.ActiveCfg = Debug|Any CPU
		{854CA415-D531-4782-BAA6-97EDBEBC8A4A}.Debug|Any CPU.Build.0 = Debug|Any CPU
		{854CA415-D531-4782-BAA6-97EDBEBC8A4A}.Release|Any CPU.ActiveCfg = Release|Any CPU
		{854CA415-D531-4782-BAA6-97EDBEBC8A4A}.Release|Any CPU.Build.0 = Release|Any CPU
		{67B4E4D6-109D-4E82-AA47-ED9B9AB6F6C3}.Debug|Any CPU.ActiveCfg = Debug|Any CPU
		{67B4E4D6-109D-4E82-AA47-ED9B9AB6F6C3}.Debug|Any CPU.Build.0 = Debug|Any CPU
		{67B4E4D6-109D-4E82-AA47-ED9B9AB6F6C3}.Release|Any CPU.ActiveCfg = Release|Any CPU
		{67B4E4D6-109D-4E82-AA47-ED9B9AB6F6C3}.Release|Any CPU.Build.0 = Release|Any CPU
		{91721A35-F922-4AA3-B5EB-65A90B91E514}.Debug|Any CPU.ActiveCfg = Debug|Any CPU
		{91721A35-F922-4AA3-B5EB-65A90B91E514}.Debug|Any CPU.Build.0 = Debug|Any CPU
		{91721A35-F922-4AA3-B5EB-65A90B91E514}.Release|Any CPU.ActiveCfg = Release|Any CPU
		{91721A35-F922-4AA3-B5EB-65A90B91E514}.Release|Any CPU.Build.0 = Release|Any CPU
		{3C2A71AC-2C15-4A90-9602-AFF738B1ED14}.Debug|Any CPU.ActiveCfg = Debug|Any CPU
		{3C2A71AC-2C15-4A90-9602-AFF738B1ED14}.Debug|Any CPU.Build.0 = Debug|Any CPU
		{3C2A71AC-2C15-4A90-9602-AFF738B1ED14}.Release|Any CPU.ActiveCfg = Release|Any CPU
		{3C2A71AC-2C15-4A90-9602-AFF738B1ED14}.Release|Any CPU.Build.0 = Release|Any CPU
		{5568826A-695C-4A74-906B-59C371FAE9C0}.Debug|Any CPU.ActiveCfg = Debug|Any CPU
		{5568826A-695C-4A74-906B-59C371FAE9C0}.Debug|Any CPU.Build.0 = Debug|Any CPU
		{5568826A-695C-4A74-906B-59C371FAE9C0}.Release|Any CPU.ActiveCfg = Release|Any CPU
		{5568826A-695C-4A74-906B-59C371FAE9C0}.Release|Any CPU.Build.0 = Release|Any CPU
		{4BF62522-99E7-44F8-9F6E-35469802DC04}.Debug|Any CPU.ActiveCfg = Debug|Any CPU
		{4BF62522-99E7-44F8-9F6E-35469802DC04}.Debug|Any CPU.Build.0 = Debug|Any CPU
		{4BF62522-99E7-44F8-9F6E-35469802DC04}.Release|Any CPU.ActiveCfg = Release|Any CPU
		{4BF62522-99E7-44F8-9F6E-35469802DC04}.Release|Any CPU.Build.0 = Release|Any CPU
		{7E517148-0447-4624-93F8-DEB0FA989FB0}.Debug|Any CPU.ActiveCfg = Debug|Any CPU
		{7E517148-0447-4624-93F8-DEB0FA989FB0}.Debug|Any CPU.Build.0 = Debug|Any CPU
		{7E517148-0447-4624-93F8-DEB0FA989FB0}.Release|Any CPU.ActiveCfg = Release|Any CPU
		{7E517148-0447-4624-93F8-DEB0FA989FB0}.Release|Any CPU.Build.0 = Release|Any CPU
		{626B472D-83C5-440C-8AF9-AEF9A85D38F7}.Debug|Any CPU.ActiveCfg = Debug|Any CPU
		{626B472D-83C5-440C-8AF9-AEF9A85D38F7}.Debug|Any CPU.Build.0 = Debug|Any CPU
		{626B472D-83C5-440C-8AF9-AEF9A85D38F7}.Release|Any CPU.ActiveCfg = Release|Any CPU
		{626B472D-83C5-440C-8AF9-AEF9A85D38F7}.Release|Any CPU.Build.0 = Release|Any CPU
		{9FCE7DA5-04FA-47FE-9C66-CF0DE97099F7}.Debug|Any CPU.ActiveCfg = Debug|Any CPU
		{9FCE7DA5-04FA-47FE-9C66-CF0DE97099F7}.Debug|Any CPU.Build.0 = Debug|Any CPU
		{9FCE7DA5-04FA-47FE-9C66-CF0DE97099F7}.Release|Any CPU.ActiveCfg = Release|Any CPU
		{9FCE7DA5-04FA-47FE-9C66-CF0DE97099F7}.Release|Any CPU.Build.0 = Release|Any CPU
		{A57E0592-7FB0-498B-B84E-C8ACACA98766}.Debug|Any CPU.ActiveCfg = Debug|Any CPU
		{A57E0592-7FB0-498B-B84E-C8ACACA98766}.Debug|Any CPU.Build.0 = Debug|Any CPU
		{A57E0592-7FB0-498B-B84E-C8ACACA98766}.Release|Any CPU.ActiveCfg = Release|Any CPU
		{A57E0592-7FB0-498B-B84E-C8ACACA98766}.Release|Any CPU.Build.0 = Release|Any CPU
		{33CF3B4B-BEFF-4EDA-8637-91A3DFA290DD}.Debug|Any CPU.ActiveCfg = Debug|Any CPU
		{33CF3B4B-BEFF-4EDA-8637-91A3DFA290DD}.Debug|Any CPU.Build.0 = Debug|Any CPU
		{33CF3B4B-BEFF-4EDA-8637-91A3DFA290DD}.Release|Any CPU.ActiveCfg = Release|Any CPU
		{33CF3B4B-BEFF-4EDA-8637-91A3DFA290DD}.Release|Any CPU.Build.0 = Release|Any CPU
		{B99F29AD-2C5E-442A-86B6-6B8EAC2E6B86}.Debug|Any CPU.ActiveCfg = Debug|Any CPU
		{B99F29AD-2C5E-442A-86B6-6B8EAC2E6B86}.Debug|Any CPU.Build.0 = Debug|Any CPU
		{B99F29AD-2C5E-442A-86B6-6B8EAC2E6B86}.Release|Any CPU.ActiveCfg = Release|Any CPU
		{B99F29AD-2C5E-442A-86B6-6B8EAC2E6B86}.Release|Any CPU.Build.0 = Release|Any CPU
	EndGlobalSection
	GlobalSection(SolutionProperties) = preSolution
		HideSolutionNode = FALSE
	EndGlobalSection
	GlobalSection(NestedProjects) = preSolution
		{43C90873-3CC5-4F7A-B475-462996279E09} = {A25808FA-83E0-4AAC-8349-C9CB3000C9D5}
		{99E63388-1F71-46F4-B4EC-489EF9FA7D9E} = {A25808FA-83E0-4AAC-8349-C9CB3000C9D5}
		{4638A332-CBE9-4B55-9B97-67655F0C443D} = {A25808FA-83E0-4AAC-8349-C9CB3000C9D5}
		{57826AF9-151F-4153-B45E-5E055A14A009} = {A25808FA-83E0-4AAC-8349-C9CB3000C9D5}
		{4ECEE77F-ED68-4459-A2E7-EAF2388EC1C0} = {A25808FA-83E0-4AAC-8349-C9CB3000C9D5}
		{ECD72576-41AF-4AEC-8624-50AC5DBAE09C} = {6443B798-4061-4285-B4D4-93F402C951B9}
		{207BDB8E-5035-476F-8BE2-B4710512EB8F} = {6443B798-4061-4285-B4D4-93F402C951B9}
		{04B0E76A-5D2A-4B17-BDD8-5B2CBDFED82C} = {6443B798-4061-4285-B4D4-93F402C951B9}
		{B34A4A49-D761-4A59-A3B9-D7971E730316} = {A27C05D0-F96D-4D84-9452-1E281824D60E}
		{9FB93E1D-6DB6-458E-A178-8510D3A15D4F} = {A27C05D0-F96D-4D84-9452-1E281824D60E}
		{2C863F81-3029-4A6D-A977-9D9088B1D881} = {A27C05D0-F96D-4D84-9452-1E281824D60E}
		{4689A247-63E7-4E2C-B378-82B76464168F} = {A27C05D0-F96D-4D84-9452-1E281824D60E}
		{E4CDB38B-681E-46FE-8FC3-0E0DDF489875} = {EC847B06-B32B-45A8-93D7-73ABAFAF9B54}
		{DFD0ADDF-F671-449B-8473-DC27B4B51FD0} = {D5C1993F-5EB9-429E-A6B1-EB477F1FAF47}
		{2AD68E90-EF97-45D9-8EA3-6BF70F9E4AA6} = {D5C1993F-5EB9-429E-A6B1-EB477F1FAF47}
		{6C1F1238-24E8-45B0-AFC1-A60F1A6C3948} = {2BD50DDA-B78B-424D-ADBA-1B12CC4095EB}
		{927596CE-E720-46E1-A14C-8697FA903F66} = {0CC85E57-6523-41EB-89CB-9D844322836A}
		{EBFEF4F1-1DCD-4D40-BE3E-153F153A31B5} = {0CC85E57-6523-41EB-89CB-9D844322836A}
		{D7C877F9-B007-4C90-9B2D-537E29A37EB5} = {0CC85E57-6523-41EB-89CB-9D844322836A}
		{1DBE4123-FD9F-4983-B2EA-0643B2E6ED02} = {2BD50DDA-B78B-424D-ADBA-1B12CC4095EB}
		{854CA415-D531-4782-BAA6-97EDBEBC8A4A} = {F3B83B5A-A452-4DB2-8516-E98C73F48B1B}
		{67B4E4D6-109D-4E82-AA47-ED9B9AB6F6C3} = {F3B83B5A-A452-4DB2-8516-E98C73F48B1B}
		{91721A35-F922-4AA3-B5EB-65A90B91E514} = {A25808FA-83E0-4AAC-8349-C9CB3000C9D5}
		{3C2A71AC-2C15-4A90-9602-AFF738B1ED14} = {ACA26A06-5797-4365-829C-18AEBED1EED9}
		{5568826A-695C-4A74-906B-59C371FAE9C0} = {ACA26A06-5797-4365-829C-18AEBED1EED9}
		{4BF62522-99E7-44F8-9F6E-35469802DC04} = {D5C1993F-5EB9-429E-A6B1-EB477F1FAF47}
		{7E517148-0447-4624-93F8-DEB0FA989FB0} = {D5C1993F-5EB9-429E-A6B1-EB477F1FAF47}
		{626B472D-83C5-440C-8AF9-AEF9A85D38F7} = {EC847B06-B32B-45A8-93D7-73ABAFAF9B54}
		{9FCE7DA5-04FA-47FE-9C66-CF0DE97099F7} = {D5C1993F-5EB9-429E-A6B1-EB477F1FAF47}
		{A57E0592-7FB0-498B-B84E-C8ACACA98766} = {EC847B06-B32B-45A8-93D7-73ABAFAF9B54}
		{33CF3B4B-BEFF-4EDA-8637-91A3DFA290DD} = {EC847B06-B32B-45A8-93D7-73ABAFAF9B54}
		{B99F29AD-2C5E-442A-86B6-6B8EAC2E6B86} = {A27C05D0-F96D-4D84-9452-1E281824D60E}
	EndGlobalSection
	GlobalSection(ExtensibilityGlobals) = postSolution
		SolutionGuid = {B71EE70B-138B-4A77-9211-73DACECF0057}
	EndGlobalSection
EndGlobal
