
Microsoft Visual Studio Solution File, Format Version 12.00
# Visual Studio 15
VisualStudioVersion = 15.0.28307.1433
MinimumVisualStudioVersion = 10.0.40219.1
Project("{9A19103F-16F7-4668-BE54-9A1E7A4F7556}") = "Step_01_HelloDI", "Step_01_HelloDI\Step_01_HelloDI.csproj", "{7ECA8D7B-AF78-449E-8FF6-CA994D9037AD}"
EndProject
Project("{9A19103F-16F7-4668-BE54-9A1E7A4F7556}") = "Step_02_Add", "Step_02_Add\Step_02_Add.csproj", "{7E0629DF-49BE-4700-B6B7-7F94B2AE6787}"
EndProject
Project("{9A19103F-16F7-4668-BE54-9A1E7A4F7556}") = "Step_03_TryAdd", "Step_03_TryAdd\Step_03_TryAdd.csproj", "{272F1129-C97B-4E93-BD8A-371CD561C313}"
EndProject
Project("{9A19103F-16F7-4668-BE54-9A1E7A4F7556}") = "Step_04_TryAddEnumerable", "Step_04_TryAddEnumerable\Step_04_TryAddEnumerable.csproj", "{D76CCFB1-C15C-490E-AE36-BFE3F20F0D6C}"
EndProject
Project("{FAE04EC0-301F-11D3-BF4B-00C04F79EFBC}") = "Step_05_Factory", "Step_05_Factory\Step_05_Factory.csproj", "{E3AF17C6-FB69-454F-B787-A227B013DB4D}"
EndProject
Project("{FAE04EC0-301F-11D3-BF4B-00C04F79EFBC}") = "Step_06_Builder", "Step_06_Builder\Step_06_Builder.csproj", "{1EA643F3-50BB-4D5D-B247-993DE752F57A}"
EndProject
Project("{2150E333-8FDC-42A3-9474-1A3956D46DE8}") = "Solution Items", "Solution Items", "{D43FEBDC-D73E-41D0-B0BB-B42C21636FD6}"
	ProjectSection(SolutionItems) = preProject
		README.md = README.md
	EndProjectSection
EndProject
Global
	GlobalSection(SolutionConfigurationPlatforms) = preSolution
		Debug|Any CPU = Debug|Any CPU
		Release|Any CPU = Release|Any CPU
	EndGlobalSection
	GlobalSection(ProjectConfigurationPlatforms) = postSolution
		{7ECA8D7B-AF78-449E-8FF6-CA994D9037AD}.Debug|Any CPU.ActiveCfg = Debug|Any CPU
		{7ECA8D7B-AF78-449E-8FF6-CA994D9037AD}.Debug|Any CPU.Build.0 = Debug|Any CPU
		{7ECA8D7B-AF78-449E-8FF6-CA994D9037AD}.Release|Any CPU.ActiveCfg = Release|Any CPU
		{7ECA8D7B-AF78-449E-8FF6-CA994D9037AD}.Release|Any CPU.Build.0 = Release|Any CPU
		{7E0629DF-49BE-4700-B6B7-7F94B2AE6787}.Debug|Any CPU.ActiveCfg = Debug|Any CPU
		{7E0629DF-49BE-4700-B6B7-7F94B2AE6787}.Debug|Any CPU.Build.0 = Debug|Any CPU
		{7E0629DF-49BE-4700-B6B7-7F94B2AE6787}.Release|Any CPU.ActiveCfg = Release|Any CPU
		{7E0629DF-49BE-4700-B6B7-7F94B2AE6787}.Release|Any CPU.Build.0 = Release|Any CPU
		{272F1129-C97B-4E93-BD8A-371CD561C313}.Debug|Any CPU.ActiveCfg = Debug|Any CPU
		{272F1129-C97B-4E93-BD8A-371CD561C313}.Debug|Any CPU.Build.0 = Debug|Any CPU
		{272F1129-C97B-4E93-BD8A-371CD561C313}.Release|Any CPU.ActiveCfg = Release|Any CPU
		{272F1129-C97B-4E93-BD8A-371CD561C313}.Release|Any CPU.Build.0 = Release|Any CPU
		{D76CCFB1-C15C-490E-AE36-BFE3F20F0D6C}.Debug|Any CPU.ActiveCfg = Debug|Any CPU
		{D76CCFB1-C15C-490E-AE36-BFE3F20F0D6C}.Debug|Any CPU.Build.0 = Debug|Any CPU
		{D76CCFB1-C15C-490E-AE36-BFE3F20F0D6C}.Release|Any CPU.ActiveCfg = Release|Any CPU
		{D76CCFB1-C15C-490E-AE36-BFE3F20F0D6C}.Release|Any CPU.Build.0 = Release|Any CPU
		{E3AF17C6-FB69-454F-B787-A227B013DB4D}.Debug|Any CPU.ActiveCfg = Debug|Any CPU
		{E3AF17C6-FB69-454F-B787-A227B013DB4D}.Debug|Any CPU.Build.0 = Debug|Any CPU
		{E3AF17C6-FB69-454F-B787-A227B013DB4D}.Release|Any CPU.ActiveCfg = Release|Any CPU
		{E3AF17C6-FB69-454F-B787-A227B013DB4D}.Release|Any CPU.Build.0 = Release|Any CPU
		{1EA643F3-50BB-4D5D-B247-993DE752F57A}.Debug|Any CPU.ActiveCfg = Debug|Any CPU
		{1EA643F3-50BB-4D5D-B247-993DE752F57A}.Debug|Any CPU.Build.0 = Debug|Any CPU
		{1EA643F3-50BB-4D5D-B247-993DE752F57A}.Release|Any CPU.ActiveCfg = Release|Any CPU
		{1EA643F3-50BB-4D5D-B247-993DE752F57A}.Release|Any CPU.Build.0 = Release|Any CPU
	EndGlobalSection
	GlobalSection(SolutionProperties) = preSolution
		HideSolutionNode = FALSE
	EndGlobalSection
	GlobalSection(ExtensibilityGlobals) = postSolution
		SolutionGuid = {02185646-9A3C-4C7C-8918-1E7809597D3A}
	EndGlobalSection
EndGlobal
