
Microsoft Visual Studio Solution File, Format Version 12.00
# Visual Studio Version 16
VisualStudioVersion = 16.0.30804.86
MinimumVisualStudioVersion = 10.0.40219.1
Project("{2150E333-8FDC-42A3-9474-1A3956D46DE8}") = "Ch01", "Ch01", "{36101338-8D00-4932-9267-FB4B89A33555}"
	ProjectSection(SolutionItems) = preProject
		Ch01\README.md = Ch01\README.md
	EndProjectSection
EndProject
Project("{2150E333-8FDC-42A3-9474-1A3956D46DE8}") = "Ch02", "Ch02", "{FCCC944C-60BD-4705-82A4-27DD4CA43E11}"
	ProjectSection(SolutionItems) = preProject
		Ch02\README.md = Ch02\README.md
	EndProjectSection
EndProject
Project("{2150E333-8FDC-42A3-9474-1A3956D46DE8}") = "Solution Items", "Solution Items", "{59838BFF-F796-4BC8-A562-BA9F199EE1DB}"
	ProjectSection(SolutionItems) = preProject
		README.md = README.md
	EndProjectSection
EndProject
Project("{2150E333-8FDC-42A3-9474-1A3956D46DE8}") = "Ch03", "Ch03", "{4B36D9A9-9ECD-41E6-BB95-E88F02CD1A66}"
	ProjectSection(SolutionItems) = preProject
		Ch03\README.md = Ch03\README.md
	EndProjectSection
EndProject
Project("{FAE04EC0-301F-11D3-BF4B-00C04F79EFBC}") = "Ch02_Step1_Pluralsight.Logic", "Ch02\Ch02_Step1_Pluralsight.Logic\Ch02_Step1_Pluralsight.Logic.csproj", "{39374207-B0EF-401C-9F40-46629F3F3A1B}"
EndProject
Project("{FAE04EC0-301F-11D3-BF4B-00C04F79EFBC}") = "Ch02_Step1_Pluralsight.UnitTests", "Ch02\Ch02_Step1_Pluralsight.UnitTests\Ch02_Step1_Pluralsight.UnitTests.csproj", "{28D0EAE8-76A7-475E-B07D-538F22602BDE}"
EndProject
Project("{FAE04EC0-301F-11D3-BF4B-00C04F79EFBC}") = "Ch02_Step2_Abp.Logic", "Ch02\Ch02_Step2_Abp.Logic\Ch02_Step2_Abp.Logic.csproj", "{9497F26F-9BE1-47BA-AF4E-06D642AEEDE5}"
EndProject
Project("{FAE04EC0-301F-11D3-BF4B-00C04F79EFBC}") = "Ch02_Step2_Abp.UnitTests", "Ch02\Ch02_Step2_Abp.UnitTests\Ch02_Step2_Abp.UnitTests.csproj", "{B13AC69B-1768-4954-AE84-94193159C29B}"
EndProject
Project("{FAE04EC0-301F-11D3-BF4B-00C04F79EFBC}") = "Ch02_Step3_Msdn.Logic", "Ch02\Ch02_Step3_Msdn.Logic\Ch02_Step3_Msdn.Logic.csproj", "{2BF23E14-6DA6-4997-815B-07F3FAC4BF44}"
EndProject
Project("{FAE04EC0-301F-11D3-BF4B-00C04F79EFBC}") = "Ch02_Step3_Msdn.UnitTests", "Ch02\Ch02_Step3_Msdn.UnitTests\Ch02_Step3_Msdn.UnitTests.csproj", "{894C86FE-9D9A-4D34-A707-C0DA6C0B9FF2}"
EndProject
Project("{FAE04EC0-301F-11D3-BF4B-00C04F79EFBC}") = "Ch02_Step4_Akkatecture.Logic", "Ch02\Ch02_Step4_Akkatecture.Logic\Ch02_Step4_Akkatecture.Logic.csproj", "{C84922EA-7752-4AD7-8E1F-F1CF97E5F323}"
EndProject
Project("{FAE04EC0-301F-11D3-BF4B-00C04F79EFBC}") = "Ch02_Step4_Akkatecture.UnitTests", "Ch02\Ch02_Step4_Akkatecture.UnitTests\Ch02_Step4_Akkatecture.UnitTests.csproj", "{DD929427-E1BE-45AC-BFAD-C14255BD0232}"
EndProject
Project("{FAE04EC0-301F-11D3-BF4B-00C04F79EFBC}") = "Ch03_Step1_Pluralsight.Logic", "Ch03\Ch03_Step1_Pluralsight.Logic\Ch03_Step1_Pluralsight.Logic.csproj", "{4E32F26C-3432-4D49-8A7A-5E4A96049127}"
EndProject
Project("{FAE04EC0-301F-11D3-BF4B-00C04F79EFBC}") = "Ch03_Step1_Pluralsight.UnitTests", "Ch03\Ch03_Step1_Pluralsight.UnitTests\Ch03_Step1_Pluralsight.UnitTests.csproj", "{860F7C55-D477-4031-B6A2-98B6E8D36BD2}"
EndProject
Project("{FAE04EC0-301F-11D3-BF4B-00C04F79EFBC}") = "Ch03_Step1_Pluralsight.Desktop", "Ch03\Ch03_Step1_Pluralsight.Desktop\Ch03_Step1_Pluralsight.Desktop.csproj", "{08CA870C-90BC-4B59-8203-7B45264F269D}"
EndProject
Global
	GlobalSection(SolutionConfigurationPlatforms) = preSolution
		Debug|Any CPU = Debug|Any CPU
		Release|Any CPU = Release|Any CPU
	EndGlobalSection
	GlobalSection(ProjectConfigurationPlatforms) = postSolution
		{39374207-B0EF-401C-9F40-46629F3F3A1B}.Debug|Any CPU.ActiveCfg = Debug|Any CPU
		{39374207-B0EF-401C-9F40-46629F3F3A1B}.Debug|Any CPU.Build.0 = Debug|Any CPU
		{39374207-B0EF-401C-9F40-46629F3F3A1B}.Release|Any CPU.ActiveCfg = Release|Any CPU
		{39374207-B0EF-401C-9F40-46629F3F3A1B}.Release|Any CPU.Build.0 = Release|Any CPU
		{28D0EAE8-76A7-475E-B07D-538F22602BDE}.Debug|Any CPU.ActiveCfg = Debug|Any CPU
		{28D0EAE8-76A7-475E-B07D-538F22602BDE}.Debug|Any CPU.Build.0 = Debug|Any CPU
		{28D0EAE8-76A7-475E-B07D-538F22602BDE}.Release|Any CPU.ActiveCfg = Release|Any CPU
		{28D0EAE8-76A7-475E-B07D-538F22602BDE}.Release|Any CPU.Build.0 = Release|Any CPU
		{9497F26F-9BE1-47BA-AF4E-06D642AEEDE5}.Debug|Any CPU.ActiveCfg = Debug|Any CPU
		{9497F26F-9BE1-47BA-AF4E-06D642AEEDE5}.Debug|Any CPU.Build.0 = Debug|Any CPU
		{9497F26F-9BE1-47BA-AF4E-06D642AEEDE5}.Release|Any CPU.ActiveCfg = Release|Any CPU
		{9497F26F-9BE1-47BA-AF4E-06D642AEEDE5}.Release|Any CPU.Build.0 = Release|Any CPU
		{B13AC69B-1768-4954-AE84-94193159C29B}.Debug|Any CPU.ActiveCfg = Debug|Any CPU
		{B13AC69B-1768-4954-AE84-94193159C29B}.Debug|Any CPU.Build.0 = Debug|Any CPU
		{B13AC69B-1768-4954-AE84-94193159C29B}.Release|Any CPU.ActiveCfg = Release|Any CPU
		{B13AC69B-1768-4954-AE84-94193159C29B}.Release|Any CPU.Build.0 = Release|Any CPU
		{2BF23E14-6DA6-4997-815B-07F3FAC4BF44}.Debug|Any CPU.ActiveCfg = Debug|Any CPU
		{2BF23E14-6DA6-4997-815B-07F3FAC4BF44}.Debug|Any CPU.Build.0 = Debug|Any CPU
		{2BF23E14-6DA6-4997-815B-07F3FAC4BF44}.Release|Any CPU.ActiveCfg = Release|Any CPU
		{2BF23E14-6DA6-4997-815B-07F3FAC4BF44}.Release|Any CPU.Build.0 = Release|Any CPU
		{894C86FE-9D9A-4D34-A707-C0DA6C0B9FF2}.Debug|Any CPU.ActiveCfg = Debug|Any CPU
		{894C86FE-9D9A-4D34-A707-C0DA6C0B9FF2}.Debug|Any CPU.Build.0 = Debug|Any CPU
		{894C86FE-9D9A-4D34-A707-C0DA6C0B9FF2}.Release|Any CPU.ActiveCfg = Release|Any CPU
		{894C86FE-9D9A-4D34-A707-C0DA6C0B9FF2}.Release|Any CPU.Build.0 = Release|Any CPU
		{C84922EA-7752-4AD7-8E1F-F1CF97E5F323}.Debug|Any CPU.ActiveCfg = Debug|Any CPU
		{C84922EA-7752-4AD7-8E1F-F1CF97E5F323}.Debug|Any CPU.Build.0 = Debug|Any CPU
		{C84922EA-7752-4AD7-8E1F-F1CF97E5F323}.Release|Any CPU.ActiveCfg = Release|Any CPU
		{C84922EA-7752-4AD7-8E1F-F1CF97E5F323}.Release|Any CPU.Build.0 = Release|Any CPU
		{DD929427-E1BE-45AC-BFAD-C14255BD0232}.Debug|Any CPU.ActiveCfg = Debug|Any CPU
		{DD929427-E1BE-45AC-BFAD-C14255BD0232}.Debug|Any CPU.Build.0 = Debug|Any CPU
		{DD929427-E1BE-45AC-BFAD-C14255BD0232}.Release|Any CPU.ActiveCfg = Release|Any CPU
		{DD929427-E1BE-45AC-BFAD-C14255BD0232}.Release|Any CPU.Build.0 = Release|Any CPU
		{4E32F26C-3432-4D49-8A7A-5E4A96049127}.Debug|Any CPU.ActiveCfg = Debug|Any CPU
		{4E32F26C-3432-4D49-8A7A-5E4A96049127}.Debug|Any CPU.Build.0 = Debug|Any CPU
		{4E32F26C-3432-4D49-8A7A-5E4A96049127}.Release|Any CPU.ActiveCfg = Release|Any CPU
		{4E32F26C-3432-4D49-8A7A-5E4A96049127}.Release|Any CPU.Build.0 = Release|Any CPU
		{860F7C55-D477-4031-B6A2-98B6E8D36BD2}.Debug|Any CPU.ActiveCfg = Debug|Any CPU
		{860F7C55-D477-4031-B6A2-98B6E8D36BD2}.Debug|Any CPU.Build.0 = Debug|Any CPU
		{860F7C55-D477-4031-B6A2-98B6E8D36BD2}.Release|Any CPU.ActiveCfg = Release|Any CPU
		{860F7C55-D477-4031-B6A2-98B6E8D36BD2}.Release|Any CPU.Build.0 = Release|Any CPU
		{08CA870C-90BC-4B59-8203-7B45264F269D}.Debug|Any CPU.ActiveCfg = Debug|Any CPU
		{08CA870C-90BC-4B59-8203-7B45264F269D}.Debug|Any CPU.Build.0 = Debug|Any CPU
		{08CA870C-90BC-4B59-8203-7B45264F269D}.Release|Any CPU.ActiveCfg = Release|Any CPU
		{08CA870C-90BC-4B59-8203-7B45264F269D}.Release|Any CPU.Build.0 = Release|Any CPU
	EndGlobalSection
	GlobalSection(SolutionProperties) = preSolution
		HideSolutionNode = FALSE
	EndGlobalSection
	GlobalSection(NestedProjects) = preSolution
		{39374207-B0EF-401C-9F40-46629F3F3A1B} = {FCCC944C-60BD-4705-82A4-27DD4CA43E11}
		{28D0EAE8-76A7-475E-B07D-538F22602BDE} = {FCCC944C-60BD-4705-82A4-27DD4CA43E11}
		{9497F26F-9BE1-47BA-AF4E-06D642AEEDE5} = {FCCC944C-60BD-4705-82A4-27DD4CA43E11}
		{B13AC69B-1768-4954-AE84-94193159C29B} = {FCCC944C-60BD-4705-82A4-27DD4CA43E11}
		{2BF23E14-6DA6-4997-815B-07F3FAC4BF44} = {FCCC944C-60BD-4705-82A4-27DD4CA43E11}
		{894C86FE-9D9A-4D34-A707-C0DA6C0B9FF2} = {FCCC944C-60BD-4705-82A4-27DD4CA43E11}
		{C84922EA-7752-4AD7-8E1F-F1CF97E5F323} = {FCCC944C-60BD-4705-82A4-27DD4CA43E11}
		{DD929427-E1BE-45AC-BFAD-C14255BD0232} = {FCCC944C-60BD-4705-82A4-27DD4CA43E11}
		{4E32F26C-3432-4D49-8A7A-5E4A96049127} = {4B36D9A9-9ECD-41E6-BB95-E88F02CD1A66}
		{860F7C55-D477-4031-B6A2-98B6E8D36BD2} = {4B36D9A9-9ECD-41E6-BB95-E88F02CD1A66}
		{08CA870C-90BC-4B59-8203-7B45264F269D} = {4B36D9A9-9ECD-41E6-BB95-E88F02CD1A66}
	EndGlobalSection
	GlobalSection(ExtensibilityGlobals) = postSolution
		SolutionGuid = {57A3DFC7-3ABC-49C9-BC69-B0A2B6D03FD7}
	EndGlobalSection
EndGlobal
