
Microsoft Visual Studio Solution File, Format Version 12.00
# Visual Studio Version 16
VisualStudioVersion = 16.0.30804.86
MinimumVisualStudioVersion = 10.0.40219.1
Project("{2150E333-8FDC-42A3-9474-1A3956D46DE8}") = "Ch01", "Ch01", "{36101338-8D00-4932-9267-FB4B89A33555}"
	ProjectSection(SolutionItems) = preProject
		Ch01\README.md = Ch01\README.md
	EndProjectSection
EndProject
Project("{2150E333-8FDC-42A3-9474-1A3956D46DE8}") = "Ch02", "Ch02", "{FCCC944C-60BD-4705-82A4-27DD4CA43E11}"
	ProjectSection(SolutionItems) = preProject
		Ch02\README.md = Ch02\README.md
	EndProjectSection
EndProject
Project("{2150E333-8FDC-42A3-9474-1A3956D46DE8}") = "Solution Items", "Solution Items", "{59838BFF-F796-4BC8-A562-BA9F199EE1DB}"
	ProjectSection(SolutionItems) = preProject
		README.md = README.md
	EndProjectSection
EndProject
Project("{2150E333-8FDC-42A3-9474-1A3956D46DE8}") = "Ch03", "Ch03", "{4B36D9A9-9ECD-41E6-BB95-E88F02CD1A66}"
	ProjectSection(SolutionItems) = preProject
		Ch03\README.md = Ch03\README.md
	EndProjectSection
EndProject
Project("{9A19103F-16F7-4668-BE54-9A1E7A4F7556}") = "Ch02_Step2_Money", "Ch02\Ch02_Step2_Money\Ch02_Step2_Money.csproj", "{240A3429-7F53-4B9F-8400-BB99B883640E}"
EndProject
Project("{9A19103F-16F7-4668-BE54-9A1E7A4F7556}") = "Ch02_Step3_EntityAndValueObject", "Ch02\Ch02_Step3_EntityAndValueObject\Ch02_Step3_EntityAndValueObject.csproj", "{790AF141-1359-4722-8C66-D62F559742B8}"
EndProject
Project("{9A19103F-16F7-4668-BE54-9A1E7A4F7556}") = "Ch02_Step4_TddMoney", "Ch02\Ch02_Step4_TddMoney\Ch02_Step4_TddMoney.csproj", "{8A4FD85C-1B95-41CE-981D-C2968CD9CDD0}"
EndProject
Project("{9A19103F-16F7-4668-BE54-9A1E7A4F7556}") = "Ch02_Step4_TddMoney.UnitTests", "Ch02\Ch02_Step4_TddMoney.UnitTests\Ch02_Step4_TddMoney.UnitTests.csproj", "{91EFEF48-687D-4872-BD2A-038C11BD8D6F}"
EndProject
Project("{9A19103F-16F7-4668-BE54-9A1E7A4F7556}") = "Ch02_Step5_TddSnackMachine", "Ch02\Ch02_Step5_TddSnackMachine\Ch02_Step5_TddSnackMachine.csproj", "{C9F4EF4F-CBCB-4834-9398-53B9359B918A}"
EndProject
Project("{9A19103F-16F7-4668-BE54-9A1E7A4F7556}") = "Ch02_Step5_TddSnackMachine.UnitTests", "Ch02\Ch02_Step5_TddSnackMachine.UnitTests\Ch02_Step5_TddSnackMachine.UnitTests.csproj", "{DA275EB4-6F73-4FB5-86F1-11178EAD252A}"
EndProject
Project("{9A19103F-16F7-4668-BE54-9A1E7A4F7556}") = "Ch02_Step1_SnackMachine", "Ch02\Ch02_Step1_SnackMachine\Ch02_Step1_SnackMachine.csproj", "{AEBE873F-EA14-46B3-8A30-B64316281D71}"
EndProject
Project("{9A19103F-16F7-4668-BE54-9A1E7A4F7556}") = "Ch02_Step6_Abp", "Ch02\Ch02_Step6_Abp\Ch02_Step6_Abp.csproj", "{B9C9442E-E3CA-48F0-9193-79291983B90C}"
EndProject
Project("{9A19103F-16F7-4668-BE54-9A1E7A4F7556}") = "Ch02_Step6_Abp.UnitTests", "Ch02\Ch02_Step6_Abp.UnitTests\Ch02_Step6_Abp.UnitTests.csproj", "{DBD98DEE-173E-4CF6-9EA1-9C67B37BACC9}"
EndProject
Project("{9A19103F-16F7-4668-BE54-9A1E7A4F7556}") = "Ch02_Step6_Msdn", "Ch02\Ch02_Step6_Msdn\Ch02_Step6_Msdn.csproj", "{EC93B8EA-15FA-4306-A4AA-1A41F09FD853}"
EndProject
Project("{9A19103F-16F7-4668-BE54-9A1E7A4F7556}") = "Ch02_Step6_Msdn.UnitTests", "Ch02\Ch02_Step6_Msdn.UnitTests\Ch02_Step6_Msdn.UnitTests.csproj", "{F799B539-023B-45C7-A342-B75CCABD7D62}"
EndProject
Project("{9A19103F-16F7-4668-BE54-9A1E7A4F7556}") = "Ch02_Step6_Akkatecture", "Ch02\Ch02_Step6_Akkatecture\Ch02_Step6_Akkatecture.csproj", "{E0268671-B356-4F6A-A321-4B0363344CBB}"
EndProject
Project("{9A19103F-16F7-4668-BE54-9A1E7A4F7556}") = "Ch02_Step6_Akkatecture.UnitTests", "Ch02\Ch02_Step6_Akkatecture.UnitTests\Ch02_Step6_Akkatecture.UnitTests.csproj", "{E988FBD6-F271-4A36-80F8-7DCCA63A2A4D}"
EndProject
Project("{9A19103F-16F7-4668-BE54-9A1E7A4F7556}") = "Ch03_Step1_ApplicaionService", "Ch03\Ch03_Step1_ApplicaionService\Ch03_Step1_ApplicaionService.csproj", "{9F743514-A2F2-4CB9-B3BB-3CBC8F63C770}"
EndProject
Project("{9A19103F-16F7-4668-BE54-9A1E7A4F7556}") = "Ch03_Step1_ApplicaionService.UnitTests", "Ch03\Ch03_Step1_ApplicaionService.UnitTests\Ch03_Step1_ApplicaionService.UnitTests.csproj", "{344850CA-EAAF-4D83-A23B-2DC0AA69B3AA}"
EndProject
Project("{9A19103F-16F7-4668-BE54-9A1E7A4F7556}") = "Ch03_Step1_ApplicaionService.Desktop", "Ch03\Ch03_Step1_ApplicaionService.Desktop\Ch03_Step1_ApplicaionService.Desktop.csproj", "{AE9DC999-AABA-40B6-9AA9-64D76F0E182E}"
EndProject
Project("{9A19103F-16F7-4668-BE54-9A1E7A4F7556}") = "WpfCommon", "WpfCommon\WpfCommon.csproj", "{49421584-2E1C-400E-88E8-EB80895C3CE6}"
EndProject
Project("{9A19103F-16F7-4668-BE54-9A1E7A4F7556}") = "Ch03_Step2_ApplicaionService", "Ch03\Ch03_Step2_ApplicaionService\Ch03_Step2_ApplicaionService.csproj", "{1D71DA4B-B678-4D10-8778-2B802F8AD323}"
EndProject
Project("{9A19103F-16F7-4668-BE54-9A1E7A4F7556}") = "Ch03_Step2_ApplicaionService.UnitTests", "Ch03\Ch03_Step2_ApplicaionService.UnitTests\Ch03_Step2_ApplicaionService.UnitTests.csproj", "{37C3BAE7-5E2A-4C8F-B746-E91FD4289A77}"
EndProject
Project("{9A19103F-16F7-4668-BE54-9A1E7A4F7556}") = "Ch03_Step2_ApplicaionService.Desktop", "Ch03\Ch03_Step2_ApplicaionService.Desktop\Ch03_Step2_ApplicaionService.Desktop.csproj", "{40B58DD6-9E65-4A2A-82D9-7EE2AABC9DAC}"
EndProject
Project("{2150E333-8FDC-42A3-9474-1A3956D46DE8}") = "Step1_UI", "Step1_UI", "{BE941C61-892A-456D-AA07-EC4D05074DDE}"
EndProject
Project("{2150E333-8FDC-42A3-9474-1A3956D46DE8}") = "Step2_DB", "Step2_DB", "{0FC75C4B-FBC4-4809-82D5-ADED09132E81}"
EndProject
Project("{2150E333-8FDC-42A3-9474-1A3956D46DE8}") = "Ch04", "Ch04", "{C054C6BB-6BB8-4BCD-BEE0-B9A943580889}"
	ProjectSection(SolutionItems) = preProject
		Ch04\README.md = Ch04\README.md
	EndProjectSection
EndProject
Project("{FAE04EC0-301F-11D3-BF4B-00C04F79EFBC}") = "Ch04_Step1_Aggregate", "Ch04\Ch04_Step1_Aggregate\Ch04_Step1_Aggregate.csproj", "{235B6683-D6E9-46CB-8634-851F9FC4CD69}"
EndProject
Project("{FAE04EC0-301F-11D3-BF4B-00C04F79EFBC}") = "Ch04_Step1_Aggregate.Desktop", "Ch04\Ch04_Step1_Aggregate.Desktop\Ch04_Step1_Aggregate.Desktop.csproj", "{2B32EE1A-0828-466A-B0F4-D26CE2E5AB44}"
EndProject
Project("{FAE04EC0-301F-11D3-BF4B-00C04F79EFBC}") = "Ch04_Step1_Aggregate.UnitTests", "Ch04\Ch04_Step1_Aggregate.UnitTests\Ch04_Step1_Aggregate.UnitTests.csproj", "{6D70A7CA-8FF0-47FA-A8D8-BB7688133918}"
EndProject
Project("{FAE04EC0-301F-11D3-BF4B-00C04F79EFBC}") = "Ch03_Step1_UiLayer", "Ch03\Ch03_Step1_UiLayer\Ch03_Step1_UiLayer.csproj", "{28FB9EF7-7B4E-4BF0-971C-62B7A4375E86}"
EndProject
Project("{FAE04EC0-301F-11D3-BF4B-00C04F79EFBC}") = "Ch03_Step1_UiLayer.UnitTests", "Ch03\Ch03_Step1_UiLayer.UnitTests\Ch03_Step1_UiLayer.UnitTests.csproj", "{FE330020-9F13-4C19-82C6-876C056DAD98}"
EndProject
Project("{FAE04EC0-301F-11D3-BF4B-00C04F79EFBC}") = "Ch03_Step1_UiLayer.Wpf", "Ch03\Ch03_Step1_UiLayer.Wpf\Ch03_Step1_UiLayer.Wpf.csproj", "{C1EB4AC5-2302-4BF5-8EAD-196909F171F1}"
EndProject
Project("{FAE04EC0-301F-11D3-BF4B-00C04F79EFBC}") = "Ch03_Step2_PersistenceLayer.Wpf", "Ch03\Ch03_Step2_PersistenceLayer.Wpf\Ch03_Step2_PersistenceLayer.Wpf.csproj", "{A617BCF2-F607-485C-9D4D-9A9E39CFA2E3}"
EndProject
Project("{FAE04EC0-301F-11D3-BF4B-00C04F79EFBC}") = "Ch03_Step2_PersistenceLayer.UnitTests", "Ch03\Ch03_Step2_PersistenceLayer.UnitTests\Ch03_Step2_PersistenceLayer.UnitTests.csproj", "{8C2ED192-5F94-4C78-9FB6-8289466B2FB2}"
EndProject
Project("{FAE04EC0-301F-11D3-BF4B-00C04F79EFBC}") = "Ch03_Step2_PersistenceLayer", "Ch03\Ch03_Step2_PersistenceLayer\Ch03_Step2_PersistenceLayer.csproj", "{01915A1B-3F49-47BD-8DAB-6071BD03706C}"
EndProject
Global
	GlobalSection(SolutionConfigurationPlatforms) = preSolution
		Debug|Any CPU = Debug|Any CPU
		Release|Any CPU = Release|Any CPU
	EndGlobalSection
	GlobalSection(ProjectConfigurationPlatforms) = postSolution
		{240A3429-7F53-4B9F-8400-BB99B883640E}.Debug|Any CPU.ActiveCfg = Debug|Any CPU
		{240A3429-7F53-4B9F-8400-BB99B883640E}.Debug|Any CPU.Build.0 = Debug|Any CPU
		{240A3429-7F53-4B9F-8400-BB99B883640E}.Release|Any CPU.ActiveCfg = Release|Any CPU
		{240A3429-7F53-4B9F-8400-BB99B883640E}.Release|Any CPU.Build.0 = Release|Any CPU
		{790AF141-1359-4722-8C66-D62F559742B8}.Debug|Any CPU.ActiveCfg = Debug|Any CPU
		{790AF141-1359-4722-8C66-D62F559742B8}.Debug|Any CPU.Build.0 = Debug|Any CPU
		{790AF141-1359-4722-8C66-D62F559742B8}.Release|Any CPU.ActiveCfg = Release|Any CPU
		{790AF141-1359-4722-8C66-D62F559742B8}.Release|Any CPU.Build.0 = Release|Any CPU
		{8A4FD85C-1B95-41CE-981D-C2968CD9CDD0}.Debug|Any CPU.ActiveCfg = Debug|Any CPU
		{8A4FD85C-1B95-41CE-981D-C2968CD9CDD0}.Debug|Any CPU.Build.0 = Debug|Any CPU
		{8A4FD85C-1B95-41CE-981D-C2968CD9CDD0}.Release|Any CPU.ActiveCfg = Release|Any CPU
		{8A4FD85C-1B95-41CE-981D-C2968CD9CDD0}.Release|Any CPU.Build.0 = Release|Any CPU
		{91EFEF48-687D-4872-BD2A-038C11BD8D6F}.Debug|Any CPU.ActiveCfg = Debug|Any CPU
		{91EFEF48-687D-4872-BD2A-038C11BD8D6F}.Debug|Any CPU.Build.0 = Debug|Any CPU
		{91EFEF48-687D-4872-BD2A-038C11BD8D6F}.Release|Any CPU.ActiveCfg = Release|Any CPU
		{91EFEF48-687D-4872-BD2A-038C11BD8D6F}.Release|Any CPU.Build.0 = Release|Any CPU
		{C9F4EF4F-CBCB-4834-9398-53B9359B918A}.Debug|Any CPU.ActiveCfg = Debug|Any CPU
		{C9F4EF4F-CBCB-4834-9398-53B9359B918A}.Debug|Any CPU.Build.0 = Debug|Any CPU
		{C9F4EF4F-CBCB-4834-9398-53B9359B918A}.Release|Any CPU.ActiveCfg = Release|Any CPU
		{C9F4EF4F-CBCB-4834-9398-53B9359B918A}.Release|Any CPU.Build.0 = Release|Any CPU
		{DA275EB4-6F73-4FB5-86F1-11178EAD252A}.Debug|Any CPU.ActiveCfg = Debug|Any CPU
		{DA275EB4-6F73-4FB5-86F1-11178EAD252A}.Debug|Any CPU.Build.0 = Debug|Any CPU
		{DA275EB4-6F73-4FB5-86F1-11178EAD252A}.Release|Any CPU.ActiveCfg = Release|Any CPU
		{DA275EB4-6F73-4FB5-86F1-11178EAD252A}.Release|Any CPU.Build.0 = Release|Any CPU
		{AEBE873F-EA14-46B3-8A30-B64316281D71}.Debug|Any CPU.ActiveCfg = Debug|Any CPU
		{AEBE873F-EA14-46B3-8A30-B64316281D71}.Debug|Any CPU.Build.0 = Debug|Any CPU
		{AEBE873F-EA14-46B3-8A30-B64316281D71}.Release|Any CPU.ActiveCfg = Release|Any CPU
		{AEBE873F-EA14-46B3-8A30-B64316281D71}.Release|Any CPU.Build.0 = Release|Any CPU
		{B9C9442E-E3CA-48F0-9193-79291983B90C}.Debug|Any CPU.ActiveCfg = Debug|Any CPU
		{B9C9442E-E3CA-48F0-9193-79291983B90C}.Debug|Any CPU.Build.0 = Debug|Any CPU
		{B9C9442E-E3CA-48F0-9193-79291983B90C}.Release|Any CPU.ActiveCfg = Release|Any CPU
		{B9C9442E-E3CA-48F0-9193-79291983B90C}.Release|Any CPU.Build.0 = Release|Any CPU
		{DBD98DEE-173E-4CF6-9EA1-9C67B37BACC9}.Debug|Any CPU.ActiveCfg = Debug|Any CPU
		{DBD98DEE-173E-4CF6-9EA1-9C67B37BACC9}.Debug|Any CPU.Build.0 = Debug|Any CPU
		{DBD98DEE-173E-4CF6-9EA1-9C67B37BACC9}.Release|Any CPU.ActiveCfg = Release|Any CPU
		{DBD98DEE-173E-4CF6-9EA1-9C67B37BACC9}.Release|Any CPU.Build.0 = Release|Any CPU
		{EC93B8EA-15FA-4306-A4AA-1A41F09FD853}.Debug|Any CPU.ActiveCfg = Debug|Any CPU
		{EC93B8EA-15FA-4306-A4AA-1A41F09FD853}.Debug|Any CPU.Build.0 = Debug|Any CPU
		{EC93B8EA-15FA-4306-A4AA-1A41F09FD853}.Release|Any CPU.ActiveCfg = Release|Any CPU
		{EC93B8EA-15FA-4306-A4AA-1A41F09FD853}.Release|Any CPU.Build.0 = Release|Any CPU
		{F799B539-023B-45C7-A342-B75CCABD7D62}.Debug|Any CPU.ActiveCfg = Debug|Any CPU
		{F799B539-023B-45C7-A342-B75CCABD7D62}.Debug|Any CPU.Build.0 = Debug|Any CPU
		{F799B539-023B-45C7-A342-B75CCABD7D62}.Release|Any CPU.ActiveCfg = Release|Any CPU
		{F799B539-023B-45C7-A342-B75CCABD7D62}.Release|Any CPU.Build.0 = Release|Any CPU
		{E0268671-B356-4F6A-A321-4B0363344CBB}.Debug|Any CPU.ActiveCfg = Debug|Any CPU
		{E0268671-B356-4F6A-A321-4B0363344CBB}.Debug|Any CPU.Build.0 = Debug|Any CPU
		{E0268671-B356-4F6A-A321-4B0363344CBB}.Release|Any CPU.ActiveCfg = Release|Any CPU
		{E0268671-B356-4F6A-A321-4B0363344CBB}.Release|Any CPU.Build.0 = Release|Any CPU
		{E988FBD6-F271-4A36-80F8-7DCCA63A2A4D}.Debug|Any CPU.ActiveCfg = Debug|Any CPU
		{E988FBD6-F271-4A36-80F8-7DCCA63A2A4D}.Debug|Any CPU.Build.0 = Debug|Any CPU
		{E988FBD6-F271-4A36-80F8-7DCCA63A2A4D}.Release|Any CPU.ActiveCfg = Release|Any CPU
		{E988FBD6-F271-4A36-80F8-7DCCA63A2A4D}.Release|Any CPU.Build.0 = Release|Any CPU
		{9F743514-A2F2-4CB9-B3BB-3CBC8F63C770}.Debug|Any CPU.ActiveCfg = Debug|Any CPU
		{9F743514-A2F2-4CB9-B3BB-3CBC8F63C770}.Debug|Any CPU.Build.0 = Debug|Any CPU
		{9F743514-A2F2-4CB9-B3BB-3CBC8F63C770}.Release|Any CPU.ActiveCfg = Release|Any CPU
		{9F743514-A2F2-4CB9-B3BB-3CBC8F63C770}.Release|Any CPU.Build.0 = Release|Any CPU
		{344850CA-EAAF-4D83-A23B-2DC0AA69B3AA}.Debug|Any CPU.ActiveCfg = Debug|Any CPU
		{344850CA-EAAF-4D83-A23B-2DC0AA69B3AA}.Debug|Any CPU.Build.0 = Debug|Any CPU
		{344850CA-EAAF-4D83-A23B-2DC0AA69B3AA}.Release|Any CPU.ActiveCfg = Release|Any CPU
		{344850CA-EAAF-4D83-A23B-2DC0AA69B3AA}.Release|Any CPU.Build.0 = Release|Any CPU
		{AE9DC999-AABA-40B6-9AA9-64D76F0E182E}.Debug|Any CPU.ActiveCfg = Debug|Any CPU
		{AE9DC999-AABA-40B6-9AA9-64D76F0E182E}.Debug|Any CPU.Build.0 = Debug|Any CPU
		{AE9DC999-AABA-40B6-9AA9-64D76F0E182E}.Release|Any CPU.ActiveCfg = Release|Any CPU
		{AE9DC999-AABA-40B6-9AA9-64D76F0E182E}.Release|Any CPU.Build.0 = Release|Any CPU
		{49421584-2E1C-400E-88E8-EB80895C3CE6}.Debug|Any CPU.ActiveCfg = Debug|Any CPU
		{49421584-2E1C-400E-88E8-EB80895C3CE6}.Debug|Any CPU.Build.0 = Debug|Any CPU
		{49421584-2E1C-400E-88E8-EB80895C3CE6}.Release|Any CPU.ActiveCfg = Release|Any CPU
		{49421584-2E1C-400E-88E8-EB80895C3CE6}.Release|Any CPU.Build.0 = Release|Any CPU
		{1D71DA4B-B678-4D10-8778-2B802F8AD323}.Debug|Any CPU.ActiveCfg = Debug|Any CPU
		{1D71DA4B-B678-4D10-8778-2B802F8AD323}.Debug|Any CPU.Build.0 = Debug|Any CPU
		{1D71DA4B-B678-4D10-8778-2B802F8AD323}.Release|Any CPU.ActiveCfg = Release|Any CPU
		{1D71DA4B-B678-4D10-8778-2B802F8AD323}.Release|Any CPU.Build.0 = Release|Any CPU
		{37C3BAE7-5E2A-4C8F-B746-E91FD4289A77}.Debug|Any CPU.ActiveCfg = Debug|Any CPU
		{37C3BAE7-5E2A-4C8F-B746-E91FD4289A77}.Debug|Any CPU.Build.0 = Debug|Any CPU
		{37C3BAE7-5E2A-4C8F-B746-E91FD4289A77}.Release|Any CPU.ActiveCfg = Release|Any CPU
		{37C3BAE7-5E2A-4C8F-B746-E91FD4289A77}.Release|Any CPU.Build.0 = Release|Any CPU
		{40B58DD6-9E65-4A2A-82D9-7EE2AABC9DAC}.Debug|Any CPU.ActiveCfg = Debug|Any CPU
		{40B58DD6-9E65-4A2A-82D9-7EE2AABC9DAC}.Debug|Any CPU.Build.0 = Debug|Any CPU
		{40B58DD6-9E65-4A2A-82D9-7EE2AABC9DAC}.Release|Any CPU.ActiveCfg = Release|Any CPU
		{40B58DD6-9E65-4A2A-82D9-7EE2AABC9DAC}.Release|Any CPU.Build.0 = Release|Any CPU
		{235B6683-D6E9-46CB-8634-851F9FC4CD69}.Debug|Any CPU.ActiveCfg = Debug|Any CPU
		{235B6683-D6E9-46CB-8634-851F9FC4CD69}.Debug|Any CPU.Build.0 = Debug|Any CPU
		{235B6683-D6E9-46CB-8634-851F9FC4CD69}.Release|Any CPU.ActiveCfg = Release|Any CPU
		{235B6683-D6E9-46CB-8634-851F9FC4CD69}.Release|Any CPU.Build.0 = Release|Any CPU
		{2B32EE1A-0828-466A-B0F4-D26CE2E5AB44}.Debug|Any CPU.ActiveCfg = Debug|Any CPU
		{2B32EE1A-0828-466A-B0F4-D26CE2E5AB44}.Debug|Any CPU.Build.0 = Debug|Any CPU
		{2B32EE1A-0828-466A-B0F4-D26CE2E5AB44}.Release|Any CPU.ActiveCfg = Release|Any CPU
		{2B32EE1A-0828-466A-B0F4-D26CE2E5AB44}.Release|Any CPU.Build.0 = Release|Any CPU
		{6D70A7CA-8FF0-47FA-A8D8-BB7688133918}.Debug|Any CPU.ActiveCfg = Debug|Any CPU
		{6D70A7CA-8FF0-47FA-A8D8-BB7688133918}.Debug|Any CPU.Build.0 = Debug|Any CPU
		{6D70A7CA-8FF0-47FA-A8D8-BB7688133918}.Release|Any CPU.ActiveCfg = Release|Any CPU
		{6D70A7CA-8FF0-47FA-A8D8-BB7688133918}.Release|Any CPU.Build.0 = Release|Any CPU
		{28FB9EF7-7B4E-4BF0-971C-62B7A4375E86}.Debug|Any CPU.ActiveCfg = Debug|Any CPU
		{28FB9EF7-7B4E-4BF0-971C-62B7A4375E86}.Debug|Any CPU.Build.0 = Debug|Any CPU
		{28FB9EF7-7B4E-4BF0-971C-62B7A4375E86}.Release|Any CPU.ActiveCfg = Release|Any CPU
		{28FB9EF7-7B4E-4BF0-971C-62B7A4375E86}.Release|Any CPU.Build.0 = Release|Any CPU
		{FE330020-9F13-4C19-82C6-876C056DAD98}.Debug|Any CPU.ActiveCfg = Debug|Any CPU
		{FE330020-9F13-4C19-82C6-876C056DAD98}.Debug|Any CPU.Build.0 = Debug|Any CPU
		{FE330020-9F13-4C19-82C6-876C056DAD98}.Release|Any CPU.ActiveCfg = Release|Any CPU
		{FE330020-9F13-4C19-82C6-876C056DAD98}.Release|Any CPU.Build.0 = Release|Any CPU
		{C1EB4AC5-2302-4BF5-8EAD-196909F171F1}.Debug|Any CPU.ActiveCfg = Debug|Any CPU
		{C1EB4AC5-2302-4BF5-8EAD-196909F171F1}.Debug|Any CPU.Build.0 = Debug|Any CPU
		{C1EB4AC5-2302-4BF5-8EAD-196909F171F1}.Release|Any CPU.ActiveCfg = Release|Any CPU
		{C1EB4AC5-2302-4BF5-8EAD-196909F171F1}.Release|Any CPU.Build.0 = Release|Any CPU
		{A617BCF2-F607-485C-9D4D-9A9E39CFA2E3}.Debug|Any CPU.ActiveCfg = Debug|Any CPU
		{A617BCF2-F607-485C-9D4D-9A9E39CFA2E3}.Debug|Any CPU.Build.0 = Debug|Any CPU
		{A617BCF2-F607-485C-9D4D-9A9E39CFA2E3}.Release|Any CPU.ActiveCfg = Release|Any CPU
		{A617BCF2-F607-485C-9D4D-9A9E39CFA2E3}.Release|Any CPU.Build.0 = Release|Any CPU
		{8C2ED192-5F94-4C78-9FB6-8289466B2FB2}.Debug|Any CPU.ActiveCfg = Debug|Any CPU
		{8C2ED192-5F94-4C78-9FB6-8289466B2FB2}.Debug|Any CPU.Build.0 = Debug|Any CPU
		{8C2ED192-5F94-4C78-9FB6-8289466B2FB2}.Release|Any CPU.ActiveCfg = Release|Any CPU
		{8C2ED192-5F94-4C78-9FB6-8289466B2FB2}.Release|Any CPU.Build.0 = Release|Any CPU
		{01915A1B-3F49-47BD-8DAB-6071BD03706C}.Debug|Any CPU.ActiveCfg = Debug|Any CPU
		{01915A1B-3F49-47BD-8DAB-6071BD03706C}.Debug|Any CPU.Build.0 = Debug|Any CPU
		{01915A1B-3F49-47BD-8DAB-6071BD03706C}.Release|Any CPU.ActiveCfg = Release|Any CPU
		{01915A1B-3F49-47BD-8DAB-6071BD03706C}.Release|Any CPU.Build.0 = Release|Any CPU
	EndGlobalSection
	GlobalSection(SolutionProperties) = preSolution
		HideSolutionNode = FALSE
	EndGlobalSection
	GlobalSection(NestedProjects) = preSolution
		{240A3429-7F53-4B9F-8400-BB99B883640E} = {FCCC944C-60BD-4705-82A4-27DD4CA43E11}
		{790AF141-1359-4722-8C66-D62F559742B8} = {FCCC944C-60BD-4705-82A4-27DD4CA43E11}
		{8A4FD85C-1B95-41CE-981D-C2968CD9CDD0} = {FCCC944C-60BD-4705-82A4-27DD4CA43E11}
		{91EFEF48-687D-4872-BD2A-038C11BD8D6F} = {FCCC944C-60BD-4705-82A4-27DD4CA43E11}
		{C9F4EF4F-CBCB-4834-9398-53B9359B918A} = {FCCC944C-60BD-4705-82A4-27DD4CA43E11}
		{DA275EB4-6F73-4FB5-86F1-11178EAD252A} = {FCCC944C-60BD-4705-82A4-27DD4CA43E11}
		{AEBE873F-EA14-46B3-8A30-B64316281D71} = {FCCC944C-60BD-4705-82A4-27DD4CA43E11}
		{B9C9442E-E3CA-48F0-9193-79291983B90C} = {FCCC944C-60BD-4705-82A4-27DD4CA43E11}
		{DBD98DEE-173E-4CF6-9EA1-9C67B37BACC9} = {FCCC944C-60BD-4705-82A4-27DD4CA43E11}
		{EC93B8EA-15FA-4306-A4AA-1A41F09FD853} = {FCCC944C-60BD-4705-82A4-27DD4CA43E11}
		{F799B539-023B-45C7-A342-B75CCABD7D62} = {FCCC944C-60BD-4705-82A4-27DD4CA43E11}
		{E0268671-B356-4F6A-A321-4B0363344CBB} = {FCCC944C-60BD-4705-82A4-27DD4CA43E11}
		{E988FBD6-F271-4A36-80F8-7DCCA63A2A4D} = {FCCC944C-60BD-4705-82A4-27DD4CA43E11}
		{9F743514-A2F2-4CB9-B3BB-3CBC8F63C770} = {BE941C61-892A-456D-AA07-EC4D05074DDE}
		{344850CA-EAAF-4D83-A23B-2DC0AA69B3AA} = {BE941C61-892A-456D-AA07-EC4D05074DDE}
		{AE9DC999-AABA-40B6-9AA9-64D76F0E182E} = {BE941C61-892A-456D-AA07-EC4D05074DDE}
		{49421584-2E1C-400E-88E8-EB80895C3CE6} = {59838BFF-F796-4BC8-A562-BA9F199EE1DB}
		{1D71DA4B-B678-4D10-8778-2B802F8AD323} = {0FC75C4B-FBC4-4809-82D5-ADED09132E81}
		{37C3BAE7-5E2A-4C8F-B746-E91FD4289A77} = {0FC75C4B-FBC4-4809-82D5-ADED09132E81}
		{40B58DD6-9E65-4A2A-82D9-7EE2AABC9DAC} = {0FC75C4B-FBC4-4809-82D5-ADED09132E81}
		{BE941C61-892A-456D-AA07-EC4D05074DDE} = {4B36D9A9-9ECD-41E6-BB95-E88F02CD1A66}
		{0FC75C4B-FBC4-4809-82D5-ADED09132E81} = {4B36D9A9-9ECD-41E6-BB95-E88F02CD1A66}
		{235B6683-D6E9-46CB-8634-851F9FC4CD69} = {C054C6BB-6BB8-4BCD-BEE0-B9A943580889}
		{2B32EE1A-0828-466A-B0F4-D26CE2E5AB44} = {C054C6BB-6BB8-4BCD-BEE0-B9A943580889}
		{6D70A7CA-8FF0-47FA-A8D8-BB7688133918} = {C054C6BB-6BB8-4BCD-BEE0-B9A943580889}
		{28FB9EF7-7B4E-4BF0-971C-62B7A4375E86} = {4B36D9A9-9ECD-41E6-BB95-E88F02CD1A66}
		{FE330020-9F13-4C19-82C6-876C056DAD98} = {4B36D9A9-9ECD-41E6-BB95-E88F02CD1A66}
		{C1EB4AC5-2302-4BF5-8EAD-196909F171F1} = {4B36D9A9-9ECD-41E6-BB95-E88F02CD1A66}
		{A617BCF2-F607-485C-9D4D-9A9E39CFA2E3} = {4B36D9A9-9ECD-41E6-BB95-E88F02CD1A66}
		{8C2ED192-5F94-4C78-9FB6-8289466B2FB2} = {4B36D9A9-9ECD-41E6-BB95-E88F02CD1A66}
		{01915A1B-3F49-47BD-8DAB-6071BD03706C} = {4B36D9A9-9ECD-41E6-BB95-E88F02CD1A66}
	EndGlobalSection
	GlobalSection(ExtensibilityGlobals) = postSolution
		SolutionGuid = {57A3DFC7-3ABC-49C9-BC69-B0A2B6D03FD7}
	EndGlobalSection
EndGlobal
