
Microsoft Visual Studio Solution File, Format Version 12.00
# Visual Studio Version 16
VisualStudioVersion = 16.0.30804.86
MinimumVisualStudioVersion = 10.0.40219.1
Project("{2150E333-8FDC-42A3-9474-1A3956D46DE8}") = "Ch01", "Ch01", "{36101338-8D00-4932-9267-FB4B89A33555}"
	ProjectSection(SolutionItems) = preProject
		Ch01\README.md = Ch01\README.md
	EndProjectSection
EndProject
Project("{2150E333-8FDC-42A3-9474-1A3956D46DE8}") = "Ch02", "Ch02", "{FCCC944C-60BD-4705-82A4-27DD4CA43E11}"
	ProjectSection(SolutionItems) = preProject
		Ch02\README.md = Ch02\README.md
	EndProjectSection
EndProject
Project("{9A19103F-16F7-4668-BE54-9A1E7A4F7556}") = "Step1_Original", "Ch02\Step1_Original\Step1_Original.csproj", "{35FBF1AA-DF35-4D3F-9288-54D9D202A7BA}"
EndProject
Project("{FAE04EC0-301F-11D3-BF4B-00C04F79EFBC}") = "Step1_Original.UnitTests", "Ch02\Step1_Original.UnitTests\Step1_Original.UnitTests.csproj", "{3909EF39-0304-41A3-848B-2B0CD288B3CA}"
EndProject
Project("{FAE04EC0-301F-11D3-BF4B-00C04F79EFBC}") = "Step2_ABP", "Ch02\Step2_ABP\Step2_ABP.csproj", "{35C83B7C-63CA-48BC-B1B8-5E527C2C0DFC}"
EndProject
Project("{FAE04EC0-301F-11D3-BF4B-00C04F79EFBC}") = "Step2_ABP.UnitTests", "Ch02\Step2_ABP.UnitTests\Step2_ABP.UnitTests.csproj", "{10163314-248A-4A8A-B7F2-6301A2248819}"
EndProject
Project("{2150E333-8FDC-42A3-9474-1A3956D46DE8}") = "Solution Items", "Solution Items", "{59838BFF-F796-4BC8-A562-BA9F199EE1DB}"
	ProjectSection(SolutionItems) = preProject
		README.md = README.md
	EndProjectSection
EndProject
Project("{FAE04EC0-301F-11D3-BF4B-00C04F79EFBC}") = "Step3_MSDN", "Ch02\Step3_MSDN\Step3_MSDN.csproj", "{9DE97DF0-D5B9-4E48-8094-A0AAC4A3D7E6}"
EndProject
Project("{FAE04EC0-301F-11D3-BF4B-00C04F79EFBC}") = "Step3_MSDN.UnitTests", "Ch02\Step3_MSDN.UnitTests\Step3_MSDN.UnitTests.csproj", "{BAA47A4B-1A17-4411-916D-1A68602AD385}"
EndProject
Project("{FAE04EC0-301F-11D3-BF4B-00C04F79EFBC}") = "Step4_Akkatecture", "Ch02\Step4_Akkatecture\Step4_Akkatecture.csproj", "{BEFC48EB-0CDE-46AF-BC4B-387FECE347AF}"
EndProject
Project("{FAE04EC0-301F-11D3-BF4B-00C04F79EFBC}") = "Step4_Akkatecture.UnitTests", "Ch02\Step4_Akkatecture.UnitTests\Step4_Akkatecture.UnitTests.csproj", "{D8FDB37B-46F0-4CE4-B5FC-91EA31941B3C}"
EndProject
Global
	GlobalSection(SolutionConfigurationPlatforms) = preSolution
		Debug|Any CPU = Debug|Any CPU
		Release|Any CPU = Release|Any CPU
	EndGlobalSection
	GlobalSection(ProjectConfigurationPlatforms) = postSolution
		{35FBF1AA-DF35-4D3F-9288-54D9D202A7BA}.Debug|Any CPU.ActiveCfg = Debug|Any CPU
		{35FBF1AA-DF35-4D3F-9288-54D9D202A7BA}.Debug|Any CPU.Build.0 = Debug|Any CPU
		{35FBF1AA-DF35-4D3F-9288-54D9D202A7BA}.Release|Any CPU.ActiveCfg = Release|Any CPU
		{35FBF1AA-DF35-4D3F-9288-54D9D202A7BA}.Release|Any CPU.Build.0 = Release|Any CPU
		{3909EF39-0304-41A3-848B-2B0CD288B3CA}.Debug|Any CPU.ActiveCfg = Debug|Any CPU
		{3909EF39-0304-41A3-848B-2B0CD288B3CA}.Debug|Any CPU.Build.0 = Debug|Any CPU
		{3909EF39-0304-41A3-848B-2B0CD288B3CA}.Release|Any CPU.ActiveCfg = Release|Any CPU
		{3909EF39-0304-41A3-848B-2B0CD288B3CA}.Release|Any CPU.Build.0 = Release|Any CPU
		{35C83B7C-63CA-48BC-B1B8-5E527C2C0DFC}.Debug|Any CPU.ActiveCfg = Debug|Any CPU
		{35C83B7C-63CA-48BC-B1B8-5E527C2C0DFC}.Debug|Any CPU.Build.0 = Debug|Any CPU
		{35C83B7C-63CA-48BC-B1B8-5E527C2C0DFC}.Release|Any CPU.ActiveCfg = Release|Any CPU
		{35C83B7C-63CA-48BC-B1B8-5E527C2C0DFC}.Release|Any CPU.Build.0 = Release|Any CPU
		{10163314-248A-4A8A-B7F2-6301A2248819}.Debug|Any CPU.ActiveCfg = Debug|Any CPU
		{10163314-248A-4A8A-B7F2-6301A2248819}.Debug|Any CPU.Build.0 = Debug|Any CPU
		{10163314-248A-4A8A-B7F2-6301A2248819}.Release|Any CPU.ActiveCfg = Release|Any CPU
		{10163314-248A-4A8A-B7F2-6301A2248819}.Release|Any CPU.Build.0 = Release|Any CPU
		{9DE97DF0-D5B9-4E48-8094-A0AAC4A3D7E6}.Debug|Any CPU.ActiveCfg = Debug|Any CPU
		{9DE97DF0-D5B9-4E48-8094-A0AAC4A3D7E6}.Debug|Any CPU.Build.0 = Debug|Any CPU
		{9DE97DF0-D5B9-4E48-8094-A0AAC4A3D7E6}.Release|Any CPU.ActiveCfg = Release|Any CPU
		{9DE97DF0-D5B9-4E48-8094-A0AAC4A3D7E6}.Release|Any CPU.Build.0 = Release|Any CPU
		{BAA47A4B-1A17-4411-916D-1A68602AD385}.Debug|Any CPU.ActiveCfg = Debug|Any CPU
		{BAA47A4B-1A17-4411-916D-1A68602AD385}.Debug|Any CPU.Build.0 = Debug|Any CPU
		{BAA47A4B-1A17-4411-916D-1A68602AD385}.Release|Any CPU.ActiveCfg = Release|Any CPU
		{BAA47A4B-1A17-4411-916D-1A68602AD385}.Release|Any CPU.Build.0 = Release|Any CPU
		{BEFC48EB-0CDE-46AF-BC4B-387FECE347AF}.Debug|Any CPU.ActiveCfg = Debug|Any CPU
		{BEFC48EB-0CDE-46AF-BC4B-387FECE347AF}.Debug|Any CPU.Build.0 = Debug|Any CPU
		{BEFC48EB-0CDE-46AF-BC4B-387FECE347AF}.Release|Any CPU.ActiveCfg = Release|Any CPU
		{BEFC48EB-0CDE-46AF-BC4B-387FECE347AF}.Release|Any CPU.Build.0 = Release|Any CPU
		{D8FDB37B-46F0-4CE4-B5FC-91EA31941B3C}.Debug|Any CPU.ActiveCfg = Debug|Any CPU
		{D8FDB37B-46F0-4CE4-B5FC-91EA31941B3C}.Debug|Any CPU.Build.0 = Debug|Any CPU
		{D8FDB37B-46F0-4CE4-B5FC-91EA31941B3C}.Release|Any CPU.ActiveCfg = Release|Any CPU
		{D8FDB37B-46F0-4CE4-B5FC-91EA31941B3C}.Release|Any CPU.Build.0 = Release|Any CPU
	EndGlobalSection
	GlobalSection(SolutionProperties) = preSolution
		HideSolutionNode = FALSE
	EndGlobalSection
	GlobalSection(NestedProjects) = preSolution
		{35FBF1AA-DF35-4D3F-9288-54D9D202A7BA} = {FCCC944C-60BD-4705-82A4-27DD4CA43E11}
		{3909EF39-0304-41A3-848B-2B0CD288B3CA} = {FCCC944C-60BD-4705-82A4-27DD4CA43E11}
		{35C83B7C-63CA-48BC-B1B8-5E527C2C0DFC} = {FCCC944C-60BD-4705-82A4-27DD4CA43E11}
		{10163314-248A-4A8A-B7F2-6301A2248819} = {FCCC944C-60BD-4705-82A4-27DD4CA43E11}
		{9DE97DF0-D5B9-4E48-8094-A0AAC4A3D7E6} = {FCCC944C-60BD-4705-82A4-27DD4CA43E11}
		{BAA47A4B-1A17-4411-916D-1A68602AD385} = {FCCC944C-60BD-4705-82A4-27DD4CA43E11}
		{BEFC48EB-0CDE-46AF-BC4B-387FECE347AF} = {FCCC944C-60BD-4705-82A4-27DD4CA43E11}
		{D8FDB37B-46F0-4CE4-B5FC-91EA31941B3C} = {FCCC944C-60BD-4705-82A4-27DD4CA43E11}
	EndGlobalSection
	GlobalSection(ExtensibilityGlobals) = postSolution
		SolutionGuid = {57A3DFC7-3ABC-49C9-BC69-B0A2B6D03FD7}
	EndGlobalSection
EndGlobal
