
Microsoft Visual Studio Solution File, Format Version 12.00
# Visual Studio 15
VisualStudioVersion = 15.0.26124.0
MinimumVisualStudioVersion = 15.0.26124.0
Project("{2150E333-8FDC-42A3-9474-1A3956D46DE8}") = "Lesson1", "Lesson1", "{F1F026DF-4515-4E95-A70D-4A61FCC8E8EA}"
EndProject
Project("{FAE04EC0-301F-11D3-BF4B-00C04F79EFBC}") = "Step1", "Lesson1\Step1\Step1.csproj", "{765A9D8D-C072-4B59-84DD-9129062DEAE9}"
EndProject
Project("{FAE04EC0-301F-11D3-BF4B-00C04F79EFBC}") = "Step2", "Lesson1\Step2\Step2.csproj", "{725B1CF7-BB3A-4966-AC9D-2C855CB5826B}"
EndProject
Project("{FAE04EC0-301F-11D3-BF4B-00C04F79EFBC}") = "Step3", "Lesson1\Step3\Step3.csproj", "{5BA76ACA-A60C-4F0F-AE72-1A35B74F1F2A}"
EndProject
Project("{FAE04EC0-301F-11D3-BF4B-00C04F79EFBC}") = "LessonLib", "LessonLib\LessonLib.csproj", "{45E17F31-F6BD-42E9-83BE-0BDE16920E4B}"
EndProject
Project("{2150E333-8FDC-42A3-9474-1A3956D46DE8}") = "Lesson2", "Lesson2", "{4C9A6352-E52F-4A24-B497-1E315746220D}"
EndProject
Project("{FAE04EC0-301F-11D3-BF4B-00C04F79EFBC}") = "Step1", "Lesson2\Step1\Step1.csproj", "{1D6BF08E-452B-45B3-894C-58C93013CF02}"
EndProject
Project("{FAE04EC0-301F-11D3-BF4B-00C04F79EFBC}") = "Step2", "Lesson2\Step2\Step2.csproj", "{F4169A6C-E284-4A11-8B4D-DA26D31160B3}"
EndProject
Project("{2150E333-8FDC-42A3-9474-1A3956D46DE8}") = "Lesson3", "Lesson3", "{AE0C88DC-0248-486D-9A15-A97D308B0456}"
EndProject
Project("{2150E333-8FDC-42A3-9474-1A3956D46DE8}") = "Step1", "Step1", "{F13FB527-00B6-49EE-B18B-A5EEA4EDE97A}"
EndProject
Project("{FAE04EC0-301F-11D3-BF4B-00C04F79EFBC}") = "ClientConsole", "Lesson3\Step1\ClientConsole\ClientConsole.csproj", "{6403415E-646E-4A4A-A414-64112FFDD76B}"
EndProject
Project("{FAE04EC0-301F-11D3-BF4B-00C04F79EFBC}") = "ServerWebapi", "Lesson3\Step1\ServerWebapi\ServerWebapi.csproj", "{13AF6A4E-BBD8-4910-A2D3-9976CCF41456}"
EndProject
Project("{2150E333-8FDC-42A3-9474-1A3956D46DE8}") = "Step2", "Step2", "{3B19CB55-BE27-424C-98D7-46EAB460FF85}"
EndProject
Project("{FAE04EC0-301F-11D3-BF4B-00C04F79EFBC}") = "ClientConsole", "Lesson3\Step2\ClientConsole\ClientConsole.csproj", "{CEEB0106-EF85-40BC-8D58-DDCBA60E89AA}"
EndProject
Project("{FAE04EC0-301F-11D3-BF4B-00C04F79EFBC}") = "ServerWebapi", "Lesson3\Step2\ServerWebapi\ServerWebapi.csproj", "{59D16301-09C8-45F3-94AF-182F29E60992}"
EndProject
Project("{2150E333-8FDC-42A3-9474-1A3956D46DE8}") = "Step3", "Step3", "{E0B99FEC-55A5-46E9-B449-7F5AFC293908}"
EndProject
Project("{FAE04EC0-301F-11D3-BF4B-00C04F79EFBC}") = "ClientConsole", "Lesson3\Step3\ClientConsole\ClientConsole.csproj", "{D06E4AC0-F6CF-4B20-9BB5-41E11F0AF9A5}"
EndProject
Project("{FAE04EC0-301F-11D3-BF4B-00C04F79EFBC}") = "ServerWebapi", "Lesson3\Step3\ServerWebapi\ServerWebapi.csproj", "{4DD72A31-B1EF-47C1-8D30-568713FC5EA5}"
EndProject
Project("{2150E333-8FDC-42A3-9474-1A3956D46DE8}") = "Lesson5", "Lesson5", "{8559E56F-BFED-4EC6-A9A4-CDCC3C52199D}"
EndProject
Project("{2150E333-8FDC-42A3-9474-1A3956D46DE8}") = "Step1", "Step1", "{D22990CB-E844-40FB-8369-6D465F72F832}"
EndProject
Project("{FAE04EC0-301F-11D3-BF4B-00C04F79EFBC}") = "ClientConsole", "Lesson5\Step1\ClientConsole\ClientConsole.csproj", "{3557A3AF-59A0-490E-8D35-7E42EA6C3F47}"
EndProject
Project("{FAE04EC0-301F-11D3-BF4B-00C04F79EFBC}") = "ServerWebapi", "Lesson5\Step1\ServerWebapi\ServerWebapi.csproj", "{D43E8884-B755-4AEE-88F3-30FF9FE451C5}"
EndProject
Project("{2150E333-8FDC-42A3-9474-1A3956D46DE8}") = "Lesson4", "Lesson4", "{93E9B3A7-086E-49B9-B5B1-74D799B56FC9}"
EndProject
Project("{2150E333-8FDC-42A3-9474-1A3956D46DE8}") = "Step1", "Step1", "{DC720C9B-62D1-453F-9564-1BF0FDA03FB9}"
EndProject
Project("{FAE04EC0-301F-11D3-BF4B-00C04F79EFBC}") = "ClientConsole", "Lesson4\Step1\ClientConsole\ClientConsole.csproj", "{FDE2AFE0-C65B-48C8-9320-9122CF82F893}"
EndProject
Project("{FAE04EC0-301F-11D3-BF4B-00C04F79EFBC}") = "ServerWebapi", "Lesson4\Step1\ServerWebapi\ServerWebapi.csproj", "{3F8FD7D0-AA7A-490E-A8BE-518B72FBFBA8}"
EndProject
Global
	GlobalSection(SolutionConfigurationPlatforms) = preSolution
		Debug|Any CPU = Debug|Any CPU
		Debug|x64 = Debug|x64
		Debug|x86 = Debug|x86
		Release|Any CPU = Release|Any CPU
		Release|x64 = Release|x64
		Release|x86 = Release|x86
	EndGlobalSection
	GlobalSection(SolutionProperties) = preSolution
		HideSolutionNode = FALSE
	EndGlobalSection
	GlobalSection(ProjectConfigurationPlatforms) = postSolution
		{765A9D8D-C072-4B59-84DD-9129062DEAE9}.Debug|Any CPU.ActiveCfg = Debug|Any CPU
		{765A9D8D-C072-4B59-84DD-9129062DEAE9}.Debug|Any CPU.Build.0 = Debug|Any CPU
		{765A9D8D-C072-4B59-84DD-9129062DEAE9}.Debug|x64.ActiveCfg = Debug|Any CPU
		{765A9D8D-C072-4B59-84DD-9129062DEAE9}.Debug|x64.Build.0 = Debug|Any CPU
		{765A9D8D-C072-4B59-84DD-9129062DEAE9}.Debug|x86.ActiveCfg = Debug|Any CPU
		{765A9D8D-C072-4B59-84DD-9129062DEAE9}.Debug|x86.Build.0 = Debug|Any CPU
		{765A9D8D-C072-4B59-84DD-9129062DEAE9}.Release|Any CPU.ActiveCfg = Release|Any CPU
		{765A9D8D-C072-4B59-84DD-9129062DEAE9}.Release|Any CPU.Build.0 = Release|Any CPU
		{765A9D8D-C072-4B59-84DD-9129062DEAE9}.Release|x64.ActiveCfg = Release|Any CPU
		{765A9D8D-C072-4B59-84DD-9129062DEAE9}.Release|x64.Build.0 = Release|Any CPU
		{765A9D8D-C072-4B59-84DD-9129062DEAE9}.Release|x86.ActiveCfg = Release|Any CPU
		{765A9D8D-C072-4B59-84DD-9129062DEAE9}.Release|x86.Build.0 = Release|Any CPU
		{725B1CF7-BB3A-4966-AC9D-2C855CB5826B}.Debug|Any CPU.ActiveCfg = Debug|Any CPU
		{725B1CF7-BB3A-4966-AC9D-2C855CB5826B}.Debug|Any CPU.Build.0 = Debug|Any CPU
		{725B1CF7-BB3A-4966-AC9D-2C855CB5826B}.Debug|x64.ActiveCfg = Debug|Any CPU
		{725B1CF7-BB3A-4966-AC9D-2C855CB5826B}.Debug|x64.Build.0 = Debug|Any CPU
		{725B1CF7-BB3A-4966-AC9D-2C855CB5826B}.Debug|x86.ActiveCfg = Debug|Any CPU
		{725B1CF7-BB3A-4966-AC9D-2C855CB5826B}.Debug|x86.Build.0 = Debug|Any CPU
		{725B1CF7-BB3A-4966-AC9D-2C855CB5826B}.Release|Any CPU.ActiveCfg = Release|Any CPU
		{725B1CF7-BB3A-4966-AC9D-2C855CB5826B}.Release|Any CPU.Build.0 = Release|Any CPU
		{725B1CF7-BB3A-4966-AC9D-2C855CB5826B}.Release|x64.ActiveCfg = Release|Any CPU
		{725B1CF7-BB3A-4966-AC9D-2C855CB5826B}.Release|x64.Build.0 = Release|Any CPU
		{725B1CF7-BB3A-4966-AC9D-2C855CB5826B}.Release|x86.ActiveCfg = Release|Any CPU
		{725B1CF7-BB3A-4966-AC9D-2C855CB5826B}.Release|x86.Build.0 = Release|Any CPU
		{5BA76ACA-A60C-4F0F-AE72-1A35B74F1F2A}.Debug|Any CPU.ActiveCfg = Debug|Any CPU
		{5BA76ACA-A60C-4F0F-AE72-1A35B74F1F2A}.Debug|Any CPU.Build.0 = Debug|Any CPU
		{5BA76ACA-A60C-4F0F-AE72-1A35B74F1F2A}.Debug|x64.ActiveCfg = Debug|Any CPU
		{5BA76ACA-A60C-4F0F-AE72-1A35B74F1F2A}.Debug|x64.Build.0 = Debug|Any CPU
		{5BA76ACA-A60C-4F0F-AE72-1A35B74F1F2A}.Debug|x86.ActiveCfg = Debug|Any CPU
		{5BA76ACA-A60C-4F0F-AE72-1A35B74F1F2A}.Debug|x86.Build.0 = Debug|Any CPU
		{5BA76ACA-A60C-4F0F-AE72-1A35B74F1F2A}.Release|Any CPU.ActiveCfg = Release|Any CPU
		{5BA76ACA-A60C-4F0F-AE72-1A35B74F1F2A}.Release|Any CPU.Build.0 = Release|Any CPU
		{5BA76ACA-A60C-4F0F-AE72-1A35B74F1F2A}.Release|x64.ActiveCfg = Release|Any CPU
		{5BA76ACA-A60C-4F0F-AE72-1A35B74F1F2A}.Release|x64.Build.0 = Release|Any CPU
		{5BA76ACA-A60C-4F0F-AE72-1A35B74F1F2A}.Release|x86.ActiveCfg = Release|Any CPU
		{5BA76ACA-A60C-4F0F-AE72-1A35B74F1F2A}.Release|x86.Build.0 = Release|Any CPU
		{45E17F31-F6BD-42E9-83BE-0BDE16920E4B}.Debug|Any CPU.ActiveCfg = Debug|Any CPU
		{45E17F31-F6BD-42E9-83BE-0BDE16920E4B}.Debug|Any CPU.Build.0 = Debug|Any CPU
		{45E17F31-F6BD-42E9-83BE-0BDE16920E4B}.Debug|x64.ActiveCfg = Debug|Any CPU
		{45E17F31-F6BD-42E9-83BE-0BDE16920E4B}.Debug|x64.Build.0 = Debug|Any CPU
		{45E17F31-F6BD-42E9-83BE-0BDE16920E4B}.Debug|x86.ActiveCfg = Debug|Any CPU
		{45E17F31-F6BD-42E9-83BE-0BDE16920E4B}.Debug|x86.Build.0 = Debug|Any CPU
		{45E17F31-F6BD-42E9-83BE-0BDE16920E4B}.Release|Any CPU.ActiveCfg = Release|Any CPU
		{45E17F31-F6BD-42E9-83BE-0BDE16920E4B}.Release|Any CPU.Build.0 = Release|Any CPU
		{45E17F31-F6BD-42E9-83BE-0BDE16920E4B}.Release|x64.ActiveCfg = Release|Any CPU
		{45E17F31-F6BD-42E9-83BE-0BDE16920E4B}.Release|x64.Build.0 = Release|Any CPU
		{45E17F31-F6BD-42E9-83BE-0BDE16920E4B}.Release|x86.ActiveCfg = Release|Any CPU
		{45E17F31-F6BD-42E9-83BE-0BDE16920E4B}.Release|x86.Build.0 = Release|Any CPU
		{1D6BF08E-452B-45B3-894C-58C93013CF02}.Debug|Any CPU.ActiveCfg = Debug|Any CPU
		{1D6BF08E-452B-45B3-894C-58C93013CF02}.Debug|Any CPU.Build.0 = Debug|Any CPU
		{1D6BF08E-452B-45B3-894C-58C93013CF02}.Debug|x64.ActiveCfg = Debug|Any CPU
		{1D6BF08E-452B-45B3-894C-58C93013CF02}.Debug|x64.Build.0 = Debug|Any CPU
		{1D6BF08E-452B-45B3-894C-58C93013CF02}.Debug|x86.ActiveCfg = Debug|Any CPU
		{1D6BF08E-452B-45B3-894C-58C93013CF02}.Debug|x86.Build.0 = Debug|Any CPU
		{1D6BF08E-452B-45B3-894C-58C93013CF02}.Release|Any CPU.ActiveCfg = Release|Any CPU
		{1D6BF08E-452B-45B3-894C-58C93013CF02}.Release|Any CPU.Build.0 = Release|Any CPU
		{1D6BF08E-452B-45B3-894C-58C93013CF02}.Release|x64.ActiveCfg = Release|Any CPU
		{1D6BF08E-452B-45B3-894C-58C93013CF02}.Release|x64.Build.0 = Release|Any CPU
		{1D6BF08E-452B-45B3-894C-58C93013CF02}.Release|x86.ActiveCfg = Release|Any CPU
		{1D6BF08E-452B-45B3-894C-58C93013CF02}.Release|x86.Build.0 = Release|Any CPU
		{F4169A6C-E284-4A11-8B4D-DA26D31160B3}.Debug|Any CPU.ActiveCfg = Debug|Any CPU
		{F4169A6C-E284-4A11-8B4D-DA26D31160B3}.Debug|Any CPU.Build.0 = Debug|Any CPU
		{F4169A6C-E284-4A11-8B4D-DA26D31160B3}.Debug|x64.ActiveCfg = Debug|Any CPU
		{F4169A6C-E284-4A11-8B4D-DA26D31160B3}.Debug|x64.Build.0 = Debug|Any CPU
		{F4169A6C-E284-4A11-8B4D-DA26D31160B3}.Debug|x86.ActiveCfg = Debug|Any CPU
		{F4169A6C-E284-4A11-8B4D-DA26D31160B3}.Debug|x86.Build.0 = Debug|Any CPU
		{F4169A6C-E284-4A11-8B4D-DA26D31160B3}.Release|Any CPU.ActiveCfg = Release|Any CPU
		{F4169A6C-E284-4A11-8B4D-DA26D31160B3}.Release|Any CPU.Build.0 = Release|Any CPU
		{F4169A6C-E284-4A11-8B4D-DA26D31160B3}.Release|x64.ActiveCfg = Release|Any CPU
		{F4169A6C-E284-4A11-8B4D-DA26D31160B3}.Release|x64.Build.0 = Release|Any CPU
		{F4169A6C-E284-4A11-8B4D-DA26D31160B3}.Release|x86.ActiveCfg = Release|Any CPU
		{F4169A6C-E284-4A11-8B4D-DA26D31160B3}.Release|x86.Build.0 = Release|Any CPU
		{6403415E-646E-4A4A-A414-64112FFDD76B}.Debug|Any CPU.ActiveCfg = Debug|Any CPU
		{6403415E-646E-4A4A-A414-64112FFDD76B}.Debug|Any CPU.Build.0 = Debug|Any CPU
		{6403415E-646E-4A4A-A414-64112FFDD76B}.Debug|x64.ActiveCfg = Debug|Any CPU
		{6403415E-646E-4A4A-A414-64112FFDD76B}.Debug|x64.Build.0 = Debug|Any CPU
		{6403415E-646E-4A4A-A414-64112FFDD76B}.Debug|x86.ActiveCfg = Debug|Any CPU
		{6403415E-646E-4A4A-A414-64112FFDD76B}.Debug|x86.Build.0 = Debug|Any CPU
		{6403415E-646E-4A4A-A414-64112FFDD76B}.Release|Any CPU.ActiveCfg = Release|Any CPU
		{6403415E-646E-4A4A-A414-64112FFDD76B}.Release|Any CPU.Build.0 = Release|Any CPU
		{6403415E-646E-4A4A-A414-64112FFDD76B}.Release|x64.ActiveCfg = Release|Any CPU
		{6403415E-646E-4A4A-A414-64112FFDD76B}.Release|x64.Build.0 = Release|Any CPU
		{6403415E-646E-4A4A-A414-64112FFDD76B}.Release|x86.ActiveCfg = Release|Any CPU
		{6403415E-646E-4A4A-A414-64112FFDD76B}.Release|x86.Build.0 = Release|Any CPU
		{13AF6A4E-BBD8-4910-A2D3-9976CCF41456}.Debug|Any CPU.ActiveCfg = Debug|Any CPU
		{13AF6A4E-BBD8-4910-A2D3-9976CCF41456}.Debug|Any CPU.Build.0 = Debug|Any CPU
		{13AF6A4E-BBD8-4910-A2D3-9976CCF41456}.Debug|x64.ActiveCfg = Debug|Any CPU
		{13AF6A4E-BBD8-4910-A2D3-9976CCF41456}.Debug|x64.Build.0 = Debug|Any CPU
		{13AF6A4E-BBD8-4910-A2D3-9976CCF41456}.Debug|x86.ActiveCfg = Debug|Any CPU
		{13AF6A4E-BBD8-4910-A2D3-9976CCF41456}.Debug|x86.Build.0 = Debug|Any CPU
		{13AF6A4E-BBD8-4910-A2D3-9976CCF41456}.Release|Any CPU.ActiveCfg = Release|Any CPU
		{13AF6A4E-BBD8-4910-A2D3-9976CCF41456}.Release|Any CPU.Build.0 = Release|Any CPU
		{13AF6A4E-BBD8-4910-A2D3-9976CCF41456}.Release|x64.ActiveCfg = Release|Any CPU
		{13AF6A4E-BBD8-4910-A2D3-9976CCF41456}.Release|x64.Build.0 = Release|Any CPU
		{13AF6A4E-BBD8-4910-A2D3-9976CCF41456}.Release|x86.ActiveCfg = Release|Any CPU
		{13AF6A4E-BBD8-4910-A2D3-9976CCF41456}.Release|x86.Build.0 = Release|Any CPU
		{CEEB0106-EF85-40BC-8D58-DDCBA60E89AA}.Debug|Any CPU.ActiveCfg = Debug|Any CPU
		{CEEB0106-EF85-40BC-8D58-DDCBA60E89AA}.Debug|Any CPU.Build.0 = Debug|Any CPU
		{CEEB0106-EF85-40BC-8D58-DDCBA60E89AA}.Debug|x64.ActiveCfg = Debug|Any CPU
		{CEEB0106-EF85-40BC-8D58-DDCBA60E89AA}.Debug|x64.Build.0 = Debug|Any CPU
		{CEEB0106-EF85-40BC-8D58-DDCBA60E89AA}.Debug|x86.ActiveCfg = Debug|Any CPU
		{CEEB0106-EF85-40BC-8D58-DDCBA60E89AA}.Debug|x86.Build.0 = Debug|Any CPU
		{CEEB0106-EF85-40BC-8D58-DDCBA60E89AA}.Release|Any CPU.ActiveCfg = Release|Any CPU
		{CEEB0106-EF85-40BC-8D58-DDCBA60E89AA}.Release|Any CPU.Build.0 = Release|Any CPU
		{CEEB0106-EF85-40BC-8D58-DDCBA60E89AA}.Release|x64.ActiveCfg = Release|Any CPU
		{CEEB0106-EF85-40BC-8D58-DDCBA60E89AA}.Release|x64.Build.0 = Release|Any CPU
		{CEEB0106-EF85-40BC-8D58-DDCBA60E89AA}.Release|x86.ActiveCfg = Release|Any CPU
		{CEEB0106-EF85-40BC-8D58-DDCBA60E89AA}.Release|x86.Build.0 = Release|Any CPU
		{59D16301-09C8-45F3-94AF-182F29E60992}.Debug|Any CPU.ActiveCfg = Debug|Any CPU
		{59D16301-09C8-45F3-94AF-182F29E60992}.Debug|Any CPU.Build.0 = Debug|Any CPU
		{59D16301-09C8-45F3-94AF-182F29E60992}.Debug|x64.ActiveCfg = Debug|Any CPU
		{59D16301-09C8-45F3-94AF-182F29E60992}.Debug|x64.Build.0 = Debug|Any CPU
		{59D16301-09C8-45F3-94AF-182F29E60992}.Debug|x86.ActiveCfg = Debug|Any CPU
		{59D16301-09C8-45F3-94AF-182F29E60992}.Debug|x86.Build.0 = Debug|Any CPU
		{59D16301-09C8-45F3-94AF-182F29E60992}.Release|Any CPU.ActiveCfg = Release|Any CPU
		{59D16301-09C8-45F3-94AF-182F29E60992}.Release|Any CPU.Build.0 = Release|Any CPU
		{59D16301-09C8-45F3-94AF-182F29E60992}.Release|x64.ActiveCfg = Release|Any CPU
		{59D16301-09C8-45F3-94AF-182F29E60992}.Release|x64.Build.0 = Release|Any CPU
		{59D16301-09C8-45F3-94AF-182F29E60992}.Release|x86.ActiveCfg = Release|Any CPU
		{59D16301-09C8-45F3-94AF-182F29E60992}.Release|x86.Build.0 = Release|Any CPU
		{D06E4AC0-F6CF-4B20-9BB5-41E11F0AF9A5}.Debug|Any CPU.ActiveCfg = Debug|Any CPU
		{D06E4AC0-F6CF-4B20-9BB5-41E11F0AF9A5}.Debug|Any CPU.Build.0 = Debug|Any CPU
		{D06E4AC0-F6CF-4B20-9BB5-41E11F0AF9A5}.Debug|x64.ActiveCfg = Debug|Any CPU
		{D06E4AC0-F6CF-4B20-9BB5-41E11F0AF9A5}.Debug|x64.Build.0 = Debug|Any CPU
		{D06E4AC0-F6CF-4B20-9BB5-41E11F0AF9A5}.Debug|x86.ActiveCfg = Debug|Any CPU
		{D06E4AC0-F6CF-4B20-9BB5-41E11F0AF9A5}.Debug|x86.Build.0 = Debug|Any CPU
		{D06E4AC0-F6CF-4B20-9BB5-41E11F0AF9A5}.Release|Any CPU.ActiveCfg = Release|Any CPU
		{D06E4AC0-F6CF-4B20-9BB5-41E11F0AF9A5}.Release|Any CPU.Build.0 = Release|Any CPU
		{D06E4AC0-F6CF-4B20-9BB5-41E11F0AF9A5}.Release|x64.ActiveCfg = Release|Any CPU
		{D06E4AC0-F6CF-4B20-9BB5-41E11F0AF9A5}.Release|x64.Build.0 = Release|Any CPU
		{D06E4AC0-F6CF-4B20-9BB5-41E11F0AF9A5}.Release|x86.ActiveCfg = Release|Any CPU
		{D06E4AC0-F6CF-4B20-9BB5-41E11F0AF9A5}.Release|x86.Build.0 = Release|Any CPU
		{4DD72A31-B1EF-47C1-8D30-568713FC5EA5}.Debug|Any CPU.ActiveCfg = Debug|Any CPU
		{4DD72A31-B1EF-47C1-8D30-568713FC5EA5}.Debug|Any CPU.Build.0 = Debug|Any CPU
		{4DD72A31-B1EF-47C1-8D30-568713FC5EA5}.Debug|x64.ActiveCfg = Debug|Any CPU
		{4DD72A31-B1EF-47C1-8D30-568713FC5EA5}.Debug|x64.Build.0 = Debug|Any CPU
		{4DD72A31-B1EF-47C1-8D30-568713FC5EA5}.Debug|x86.ActiveCfg = Debug|Any CPU
		{4DD72A31-B1EF-47C1-8D30-568713FC5EA5}.Debug|x86.Build.0 = Debug|Any CPU
		{4DD72A31-B1EF-47C1-8D30-568713FC5EA5}.Release|Any CPU.ActiveCfg = Release|Any CPU
		{4DD72A31-B1EF-47C1-8D30-568713FC5EA5}.Release|Any CPU.Build.0 = Release|Any CPU
		{4DD72A31-B1EF-47C1-8D30-568713FC5EA5}.Release|x64.ActiveCfg = Release|Any CPU
		{4DD72A31-B1EF-47C1-8D30-568713FC5EA5}.Release|x64.Build.0 = Release|Any CPU
		{4DD72A31-B1EF-47C1-8D30-568713FC5EA5}.Release|x86.ActiveCfg = Release|Any CPU
		{4DD72A31-B1EF-47C1-8D30-568713FC5EA5}.Release|x86.Build.0 = Release|Any CPU
		{3557A3AF-59A0-490E-8D35-7E42EA6C3F47}.Debug|Any CPU.ActiveCfg = Debug|Any CPU
		{3557A3AF-59A0-490E-8D35-7E42EA6C3F47}.Debug|Any CPU.Build.0 = Debug|Any CPU
		{3557A3AF-59A0-490E-8D35-7E42EA6C3F47}.Debug|x64.ActiveCfg = Debug|Any CPU
		{3557A3AF-59A0-490E-8D35-7E42EA6C3F47}.Debug|x64.Build.0 = Debug|Any CPU
		{3557A3AF-59A0-490E-8D35-7E42EA6C3F47}.Debug|x86.ActiveCfg = Debug|Any CPU
		{3557A3AF-59A0-490E-8D35-7E42EA6C3F47}.Debug|x86.Build.0 = Debug|Any CPU
		{3557A3AF-59A0-490E-8D35-7E42EA6C3F47}.Release|Any CPU.ActiveCfg = Release|Any CPU
		{3557A3AF-59A0-490E-8D35-7E42EA6C3F47}.Release|Any CPU.Build.0 = Release|Any CPU
		{3557A3AF-59A0-490E-8D35-7E42EA6C3F47}.Release|x64.ActiveCfg = Release|Any CPU
		{3557A3AF-59A0-490E-8D35-7E42EA6C3F47}.Release|x64.Build.0 = Release|Any CPU
		{3557A3AF-59A0-490E-8D35-7E42EA6C3F47}.Release|x86.ActiveCfg = Release|Any CPU
		{3557A3AF-59A0-490E-8D35-7E42EA6C3F47}.Release|x86.Build.0 = Release|Any CPU
		{D43E8884-B755-4AEE-88F3-30FF9FE451C5}.Debug|Any CPU.ActiveCfg = Debug|Any CPU
		{D43E8884-B755-4AEE-88F3-30FF9FE451C5}.Debug|Any CPU.Build.0 = Debug|Any CPU
		{D43E8884-B755-4AEE-88F3-30FF9FE451C5}.Debug|x64.ActiveCfg = Debug|Any CPU
		{D43E8884-B755-4AEE-88F3-30FF9FE451C5}.Debug|x64.Build.0 = Debug|Any CPU
		{D43E8884-B755-4AEE-88F3-30FF9FE451C5}.Debug|x86.ActiveCfg = Debug|Any CPU
		{D43E8884-B755-4AEE-88F3-30FF9FE451C5}.Debug|x86.Build.0 = Debug|Any CPU
		{D43E8884-B755-4AEE-88F3-30FF9FE451C5}.Release|Any CPU.ActiveCfg = Release|Any CPU
		{D43E8884-B755-4AEE-88F3-30FF9FE451C5}.Release|Any CPU.Build.0 = Release|Any CPU
		{D43E8884-B755-4AEE-88F3-30FF9FE451C5}.Release|x64.ActiveCfg = Release|Any CPU
		{D43E8884-B755-4AEE-88F3-30FF9FE451C5}.Release|x64.Build.0 = Release|Any CPU
		{D43E8884-B755-4AEE-88F3-30FF9FE451C5}.Release|x86.ActiveCfg = Release|Any CPU
		{D43E8884-B755-4AEE-88F3-30FF9FE451C5}.Release|x86.Build.0 = Release|Any CPU
		{FDE2AFE0-C65B-48C8-9320-9122CF82F893}.Debug|Any CPU.ActiveCfg = Debug|Any CPU
		{FDE2AFE0-C65B-48C8-9320-9122CF82F893}.Debug|Any CPU.Build.0 = Debug|Any CPU
		{FDE2AFE0-C65B-48C8-9320-9122CF82F893}.Debug|x64.ActiveCfg = Debug|Any CPU
		{FDE2AFE0-C65B-48C8-9320-9122CF82F893}.Debug|x64.Build.0 = Debug|Any CPU
		{FDE2AFE0-C65B-48C8-9320-9122CF82F893}.Debug|x86.ActiveCfg = Debug|Any CPU
		{FDE2AFE0-C65B-48C8-9320-9122CF82F893}.Debug|x86.Build.0 = Debug|Any CPU
		{FDE2AFE0-C65B-48C8-9320-9122CF82F893}.Release|Any CPU.ActiveCfg = Release|Any CPU
		{FDE2AFE0-C65B-48C8-9320-9122CF82F893}.Release|Any CPU.Build.0 = Release|Any CPU
		{FDE2AFE0-C65B-48C8-9320-9122CF82F893}.Release|x64.ActiveCfg = Release|Any CPU
		{FDE2AFE0-C65B-48C8-9320-9122CF82F893}.Release|x64.Build.0 = Release|Any CPU
		{FDE2AFE0-C65B-48C8-9320-9122CF82F893}.Release|x86.ActiveCfg = Release|Any CPU
		{FDE2AFE0-C65B-48C8-9320-9122CF82F893}.Release|x86.Build.0 = Release|Any CPU
		{3F8FD7D0-AA7A-490E-A8BE-518B72FBFBA8}.Debug|Any CPU.ActiveCfg = Debug|Any CPU
		{3F8FD7D0-AA7A-490E-A8BE-518B72FBFBA8}.Debug|Any CPU.Build.0 = Debug|Any CPU
		{3F8FD7D0-AA7A-490E-A8BE-518B72FBFBA8}.Debug|x64.ActiveCfg = Debug|Any CPU
		{3F8FD7D0-AA7A-490E-A8BE-518B72FBFBA8}.Debug|x64.Build.0 = Debug|Any CPU
		{3F8FD7D0-AA7A-490E-A8BE-518B72FBFBA8}.Debug|x86.ActiveCfg = Debug|Any CPU
		{3F8FD7D0-AA7A-490E-A8BE-518B72FBFBA8}.Debug|x86.Build.0 = Debug|Any CPU
		{3F8FD7D0-AA7A-490E-A8BE-518B72FBFBA8}.Release|Any CPU.ActiveCfg = Release|Any CPU
		{3F8FD7D0-AA7A-490E-A8BE-518B72FBFBA8}.Release|Any CPU.Build.0 = Release|Any CPU
		{3F8FD7D0-AA7A-490E-A8BE-518B72FBFBA8}.Release|x64.ActiveCfg = Release|Any CPU
		{3F8FD7D0-AA7A-490E-A8BE-518B72FBFBA8}.Release|x64.Build.0 = Release|Any CPU
		{3F8FD7D0-AA7A-490E-A8BE-518B72FBFBA8}.Release|x86.ActiveCfg = Release|Any CPU
		{3F8FD7D0-AA7A-490E-A8BE-518B72FBFBA8}.Release|x86.Build.0 = Release|Any CPU
	EndGlobalSection
	GlobalSection(NestedProjects) = preSolution
		{765A9D8D-C072-4B59-84DD-9129062DEAE9} = {F1F026DF-4515-4E95-A70D-4A61FCC8E8EA}
		{725B1CF7-BB3A-4966-AC9D-2C855CB5826B} = {F1F026DF-4515-4E95-A70D-4A61FCC8E8EA}
		{5BA76ACA-A60C-4F0F-AE72-1A35B74F1F2A} = {F1F026DF-4515-4E95-A70D-4A61FCC8E8EA}
		{1D6BF08E-452B-45B3-894C-58C93013CF02} = {4C9A6352-E52F-4A24-B497-1E315746220D}
		{F4169A6C-E284-4A11-8B4D-DA26D31160B3} = {4C9A6352-E52F-4A24-B497-1E315746220D}
		{F13FB527-00B6-49EE-B18B-A5EEA4EDE97A} = {AE0C88DC-0248-486D-9A15-A97D308B0456}
		{6403415E-646E-4A4A-A414-64112FFDD76B} = {F13FB527-00B6-49EE-B18B-A5EEA4EDE97A}
		{13AF6A4E-BBD8-4910-A2D3-9976CCF41456} = {F13FB527-00B6-49EE-B18B-A5EEA4EDE97A}
		{3B19CB55-BE27-424C-98D7-46EAB460FF85} = {AE0C88DC-0248-486D-9A15-A97D308B0456}
		{CEEB0106-EF85-40BC-8D58-DDCBA60E89AA} = {3B19CB55-BE27-424C-98D7-46EAB460FF85}
		{59D16301-09C8-45F3-94AF-182F29E60992} = {3B19CB55-BE27-424C-98D7-46EAB460FF85}
		{E0B99FEC-55A5-46E9-B449-7F5AFC293908} = {AE0C88DC-0248-486D-9A15-A97D308B0456}
		{D06E4AC0-F6CF-4B20-9BB5-41E11F0AF9A5} = {E0B99FEC-55A5-46E9-B449-7F5AFC293908}
		{4DD72A31-B1EF-47C1-8D30-568713FC5EA5} = {E0B99FEC-55A5-46E9-B449-7F5AFC293908}
		{D22990CB-E844-40FB-8369-6D465F72F832} = {8559E56F-BFED-4EC6-A9A4-CDCC3C52199D}
		{3557A3AF-59A0-490E-8D35-7E42EA6C3F47} = {D22990CB-E844-40FB-8369-6D465F72F832}
		{D43E8884-B755-4AEE-88F3-30FF9FE451C5} = {D22990CB-E844-40FB-8369-6D465F72F832}
		{DC720C9B-62D1-453F-9564-1BF0FDA03FB9} = {93E9B3A7-086E-49B9-B5B1-74D799B56FC9}
		{FDE2AFE0-C65B-48C8-9320-9122CF82F893} = {DC720C9B-62D1-453F-9564-1BF0FDA03FB9}
		{3F8FD7D0-AA7A-490E-A8BE-518B72FBFBA8} = {DC720C9B-62D1-453F-9564-1BF0FDA03FB9}
	EndGlobalSection
EndGlobal
