
Microsoft Visual Studio Solution File, Format Version 12.00
# Visual Studio Version 16
VisualStudioVersion = 16.0.31019.35
MinimumVisualStudioVersion = 10.0.40219.1
Project("{FAE04EC0-301F-11D3-BF4B-00C04F79EFBC}") = "Step_01_Helloworld", "Step_01_Helloworld\Step_01_Helloworld.csproj", "{03A6868E-2A6B-499E-B518-05B788A75CF1}"
EndProject
Project("{FAE04EC0-301F-11D3-BF4B-00C04F79EFBC}") = "Step_01_Helloworld.UnitTests", "Step_01_Helloworld.UnitTests\Step_01_Helloworld.UnitTests.csproj", "{0A51A9EF-86D1-45EF-86A5-A8526167B9FE}"
EndProject
Global
	GlobalSection(SolutionConfigurationPlatforms) = preSolution
		Debug|Any CPU = Debug|Any CPU
		Release|Any CPU = Release|Any CPU
	EndGlobalSection
	GlobalSection(ProjectConfigurationPlatforms) = postSolution
		{03A6868E-2A6B-499E-B518-05B788A75CF1}.Debug|Any CPU.ActiveCfg = Debug|Any CPU
		{03A6868E-2A6B-499E-B518-05B788A75CF1}.Debug|Any CPU.Build.0 = Debug|Any CPU
		{03A6868E-2A6B-499E-B518-05B788A75CF1}.Release|Any CPU.ActiveCfg = Release|Any CPU
		{03A6868E-2A6B-499E-B518-05B788A75CF1}.Release|Any CPU.Build.0 = Release|Any CPU
		{0A51A9EF-86D1-45EF-86A5-A8526167B9FE}.Debug|Any CPU.ActiveCfg = Debug|Any CPU
		{0A51A9EF-86D1-45EF-86A5-A8526167B9FE}.Debug|Any CPU.Build.0 = Debug|Any CPU
		{0A51A9EF-86D1-45EF-86A5-A8526167B9FE}.Release|Any CPU.ActiveCfg = Release|Any CPU
		{0A51A9EF-86D1-45EF-86A5-A8526167B9FE}.Release|Any CPU.Build.0 = Release|Any CPU
	EndGlobalSection
	GlobalSection(SolutionProperties) = preSolution
		HideSolutionNode = FALSE
	EndGlobalSection
	GlobalSection(ExtensibilityGlobals) = postSolution
		SolutionGuid = {F820E7D1-9107-4F54-A690-5320EF5B7E9D}
	EndGlobalSection
EndGlobal
